
Microsoft Visual Studio Solution File, Format Version 12.00
Project("{2150E333-8FDC-42A3-9474-1A3956D46DE8}") = "src", "src", "{6AFBF6D8-D4D7-4A97-9866-CCF4219CEB21}"
EndProject
Project("{2150E333-8FDC-42A3-9474-1A3956D46DE8}") = "Lambda", "Lambda", "{C56165B1-95E4-40BC-824E-8746738A6E2B}"
EndProject
Project("{2150E333-8FDC-42A3-9474-1A3956D46DE8}") = "Function", "Function", "{8E7EF35B-C179-4F0C-9176-1BFC1E3498EC}"
EndProject
Project("{FAE04EC0-301F-11D3-BF4B-00C04F79EFBC}") = "Hardened.Amz.Function.Lambda.Runtime", "src\Lambda\Function\Hardened.Amz.Function.Lambda.Runtime\Hardened.Amz.Function.Lambda.Runtime.csproj", "{9C3B326B-C630-4B5C-B124-46588E4DEF6D}"
EndProject
Project("{FAE04EC0-301F-11D3-BF4B-00C04F79EFBC}") = "Hardened.Amz.Function.Lambda.Testing", "src\Lambda\Function\Hardened.Amz.Function.Lambda.Testing\Hardened.Amz.Function.Lambda.Testing.csproj", "{37C9793F-2E7D-417B-8F47-86943E3B66CF}"
EndProject
Project("{2150E333-8FDC-42A3-9474-1A3956D46DE8}") = "Shared", "Shared", "{341D5804-7513-4B82-A539-BA36D709865B}"
EndProject
Project("{FAE04EC0-301F-11D3-BF4B-00C04F79EFBC}") = "Hardened.Amz.Shared.Lambda.Runtime", "src\Lambda\Shared\Hardened.Amz.Shared.Lambda.Runtime\Hardened.Amz.Shared.Lambda.Runtime.csproj", "{A402B636-56BD-483A-B201-AF08DD1F480C}"
EndProject
Project("{FAE04EC0-301F-11D3-BF4B-00C04F79EFBC}") = "Hardened.Amz.Shared.Lambda.Testing", "src\Lambda\Shared\Hardened.Amz.Shared.Lambda.Testing\Hardened.Amz.Shared.Lambda.Testing.csproj", "{DAFD78A0-3ED7-4169-9AEB-4FFEC102BC02}"
EndProject
Project("{2150E333-8FDC-42A3-9474-1A3956D46DE8}") = "Web", "Web", "{BCDA7951-3974-4F01-ABA7-88AA73D03E31}"
EndProject
Project("{FAE04EC0-301F-11D3-BF4B-00C04F79EFBC}") = "Hardened.Amz.Web.Lambda.Harness", "src\Lambda\Web\Hardened.Amz.Web.Lambda.Harness\Hardened.Amz.Web.Lambda.Harness.csproj", "{140AEFDA-5DEC-4AF6-9FBE-E1DFAB53EB0D}"
EndProject
Project("{FAE04EC0-301F-11D3-BF4B-00C04F79EFBC}") = "Hardened.Amz.Web.Lambda.Runtime", "src\Lambda\Web\Hardened.Amz.Web.Lambda.Runtime\Hardened.Amz.Web.Lambda.Runtime.csproj", "{7B23C596-5AAA-4B87-AE85-F5A63C56A4C0}"
EndProject
Project("{2150E333-8FDC-42A3-9474-1A3956D46DE8}") = "SourceGenerators", "SourceGenerators", "{525F4194-92D2-42D7-B84C-AAD45307DDAF}"
EndProject
Project("{2150E333-8FDC-42A3-9474-1A3956D46DE8}") = "Lambda", "Lambda", "{FB3A0880-CBA5-430B-9791-AB3ABA04169D}"
EndProject
Project("{FAE04EC0-301F-11D3-BF4B-00C04F79EFBC}") = "Hardened.Amz.Function.Lambda.SourceGenerator", "src\SourceGenerators\Lambda\Function\Hardened.Amz.Function.Lambda.SourceGenerator.csproj", "{7CA6335B-00FC-464E-ACA0-3825F2323CF3}"
EndProject
Project("{FAE04EC0-301F-11D3-BF4B-00C04F79EFBC}") = "Hardened.Amz.Web.Lambda.SourceGenerator", "src\SourceGenerators\Lambda\Web\Hardened.Amz.Web.Lambda.SourceGenerator.csproj", "{64399A94-8430-499F-8D25-3FD8420C716D}"
EndProject
Project("{2150E333-8FDC-42A3-9474-1A3956D46DE8}") = ".github", ".github", "{843C4A32-6639-4783-9AA2-4CEDA61642DA}"
EndProject
Project("{2150E333-8FDC-42A3-9474-1A3956D46DE8}") = "workflows", "workflows", "{964F5AEF-C0BD-47D4-8730-7E77FE8580CE}"
	ProjectSection(SolutionItems) = preProject
		.github\workflows\build-package.yaml = .github\workflows\build-package.yaml
	EndProjectSection
EndProject
Project("{2150E333-8FDC-42A3-9474-1A3956D46DE8}") = "IntegTests", "IntegTests", "{42630596-7D98-4419-ADCD-FA7D5CE24822}"
EndProject
Project("{FAE04EC0-301F-11D3-BF4B-00C04F79EFBC}") = "LambdaWebTest", "src\LambdaWebTest\LambdaWebTest.csproj", "{139F5B3F-2E2B-42FA-A506-36D958CD9DA6}"
EndProject
Project("{FAE04EC0-301F-11D3-BF4B-00C04F79EFBC}") = "LambdaWebTest.Harness", "src\LambdaWebTest.Harness\LambdaWebTest.Harness.csproj", "{B71621AC-7428-457F-80F3-55849065273F}"
EndProject
Project("{FAE04EC0-301F-11D3-BF4B-00C04F79EFBC}") = "Hardened.Amz.Cdk", "src\Hardened.Amz.Cdk\Hardened.Amz.Cdk.csproj", "{C3CC30C1-9197-44A7-95DE-5B19E6441842}"
EndProject
Project("{FAE04EC0-301F-11D3-BF4B-00C04F79EFBC}") = "Hardened.Amz.Shared.Lambda.Runtime.Tests", "src\Hardened.Amz.Shared.Lambda.Runtime.Tests\Hardened.Amz.Shared.Lambda.Runtime.Tests.csproj", "{903BEB7D-6E5F-4E7B-B5F4-5D329DC716FA}"
EndProject
Project("{FAE04EC0-301F-11D3-BF4B-00C04F79EFBC}") = "Hardened.Amz.Web.Lambda.Streaming", "src\Lambda\Web\Hardened.Amz.Web.Lambda.Streaming\Hardened.Amz.Web.Lambda.Streaming.csproj", "{AFFE034E-2F66-4DFA-B79E-27D95054E06C}"
EndProject
Project("{FAE04EC0-301F-11D3-BF4B-00C04F79EFBC}") = "Hardened.Amz.Web.Lambda.Streaming.Tests", "src\Hardened.Amz.Web.Lambda.Streaming.Tests\Hardened.Amz.Web.Lambda.Streaming.Tests.csproj", "{2CCF2911-88BB-4805-8F8A-A81118619DF4}"
EndProject
Project("{FAE04EC0-301F-11D3-BF4B-00C04F79EFBC}") = "Hardened.Amz.Function.Lambda.Streaming", "src\Lambda\Function\Hardened.Amz.Function.Lambda.Streaming\Hardened.Amz.Function.Lambda.Streaming.csproj", "{F89D110E-8159-4E40-B71B-15E14C6A630F}"
EndProject
Project("{2150E333-8FDC-42A3-9474-1A3956D46DE8}") = "Sqs", "Sqs", "{385D0BCF-E0D5-4602-9AE7-F2C3E0E5433B}"
EndProject
Project("{FAE04EC0-301F-11D3-BF4B-00C04F79EFBC}") = "Hardened.Amz.Function.Sqs.Runtime", "src\Lambda\Sqs\Hardened.Amz.Function.Sqs.Runtime\Hardened.Amz.Function.Sqs.Runtime.csproj", "{124856D5-9E3D-4805-B163-440F07FFB801}"
EndProject
Project("{2150E333-8FDC-42A3-9474-1A3956D46DE8}") = "DynamoDbStream", "DynamoDbStream", "{855103A8-E228-4C69-AE52-2C26B52966A2}"
EndProject
Project("{FAE04EC0-301F-11D3-BF4B-00C04F79EFBC}") = "Hardened.Amz.Function.DDB.Runtime", "src\Lambda\DynamoDbStream\Hardened.Amz.Function.DDB.Runtime\Hardened.Amz.Function.DDB.Runtime.csproj", "{20F36ACD-E863-4CEA-B17A-72B08CD17BFB}"
EndProject
Project("{2150E333-8FDC-42A3-9474-1A3956D46DE8}") = "Clients", "Clients", "{0DA427EB-993F-473E-88DD-3B2A64FCE189}"
EndProject
Project("{2150E333-8FDC-42A3-9474-1A3956D46DE8}") = "DynamoDb", "DynamoDb", "{98D8A2D6-1FE2-484B-BE32-FFEAF5C0B722}"
EndProject
Project("{FAE04EC0-301F-11D3-BF4B-00C04F79EFBC}") = "Hardened.Amz.DynamoDbClient", "src\Clients\DynamoDb\Hardened.Amz.DynamoDbClient\Hardened.Amz.DynamoDbClient.csproj", "{1DA95364-EF64-44DB-BE43-D84977228ADF}"
EndProject
Project("{FAE04EC0-301F-11D3-BF4B-00C04F79EFBC}") = "Hardened.Amz.DynamoDbClient.Testing", "src\Clients\DynamoDb\Hardened.Amz.DynamoDbClient.Testing\Hardened.Amz.DynamoDbClient.Testing.csproj", "{9748A745-0A02-47E0-A394-18278B2678AF}"
EndProject
Project("{FAE04EC0-301F-11D3-BF4B-00C04F79EFBC}") = "Hardened.Amz.DynamoDbClient.Tests", "src\Clients\DynamoDb\Hardened.Amz.DynamoDbClient.Tests\Hardened.Amz.DynamoDbClient.Tests.csproj", "{A23D1B08-C078-4A47-B25E-14735E2ED3F5}"
EndProject
Project("{FAE04EC0-301F-11D3-BF4B-00C04F79EFBC}") = "Hardened.Amz.Function.Sqs.Testing", "src\Lambda\Sqs\Hardened.Amz.Function.Sqs.Testing\Hardened.Amz.Function.Sqs.Testing.csproj", "{F5D94E66-1A24-4B1F-8ADB-AB227C84AA34}"
EndProject
Project("{FAE04EC0-301F-11D3-BF4B-00C04F79EFBC}") = "Hardened.Amz.Function.DDB.Testing", "src\Lambda\DynamoDbStream\Hardened.Amz.Function.DDB.Testing\Hardened.Amz.Function.DDB.Testing.csproj", "{886502D0-CDE7-48B9-935A-B1B0E70A1EB4}"
EndProject
Project("{FAE04EC0-301F-11D3-BF4B-00C04F79EFBC}") = "Hardened.Amz.Function.Lambda.Runtime.Tests", "src\Lambda\Function\Hardened.Amz.Function.Lambda.Runtime.Tests\Hardened.Amz.Function.Lambda.Runtime.Tests.csproj", "{385F61A9-F857-49F9-B8FA-BFA271EC0D11}"
EndProject
Project("{FAE04EC0-301F-11D3-BF4B-00C04F79EFBC}") = "Hardened.Amz.Function.Lambda.Streaming.Tests", "src\Lambda\Function\Hardened.Amz.Function.Lambda.Streaming.Tests\Hardened.Amz.Function.Lambda.Streaming.Tests.csproj", "{70D40593-EF3A-4518-BA75-22D7FD762FE3}"
EndProject
Project("{FAE04EC0-301F-11D3-BF4B-00C04F79EFBC}") = "Hardened.Amz.Function.Lambda.Testing.Tests", "src\Lambda\Function\Hardened.Amz.Function.Lambda.Testing.Tests\Hardened.Amz.Function.Lambda.Testing.Tests.csproj", "{25297182-67CE-4DDB-99FF-3E210050A2C2}"
EndProject
Project("{FAE04EC0-301F-11D3-BF4B-00C04F79EFBC}") = "Hardened.Amz.Function.Sqs.Runtime.Tests", "src\Lambda\Sqs\Hardened.Amz.Function.Sqs.Runtime.Tests\Hardened.Amz.Function.Sqs.Runtime.Tests.csproj", "{BA4A7C01-5632-4755-ACFC-083C7FF16F9D}"
EndProject
Project("{FAE04EC0-301F-11D3-BF4B-00C04F79EFBC}") = "Hardened.Amz.Function.Sqs.Testing.Tests", "src\Lambda\Sqs\Hardened.Amz.Function.Sqs.Testing.Tests\Hardened.Amz.Function.Sqs.Testing.Tests.csproj", "{18C0D057-15D9-4381-9A74-A78559F76C04}"
EndProject
Project("{FAE04EC0-301F-11D3-BF4B-00C04F79EFBC}") = "Hardened.Amz.Function.DDB.Runtime.Tests", "src\Lambda\DynamoDbStream\Hardened.Amz.Function.DDB.Runtime.Tests\Hardened.Amz.Function.DDB.Runtime.Tests.csproj", "{A88CBBCF-2360-4B88-A801-5A89E6D2D09C}"
EndProject
Project("{FAE04EC0-301F-11D3-BF4B-00C04F79EFBC}") = "Hardened.Amz.Function.DDB.Testing.Tests", "src\Lambda\DynamoDbStream\Hardened.Amz.Function.DDB.Testing.Tests\Hardened.Amz.Function.DDB.Testing.Tests.csproj", "{74694A55-5225-43DF-8601-3DCD2321ECF6}"
EndProject
Project("{FAE04EC0-301F-11D3-BF4B-00C04F79EFBC}") = "Hardened.Amz.Web.Lambda.Runtime.Tests", "src\Lambda\Web\Hardened.Amz.Web.Lambda.Runtime.Tests\Hardened.Amz.Web.Lambda.Runtime.Tests.csproj", "{0CECAA5E-A09C-4E78-8FAD-9FE4DDA92ED2}"
EndProject
Project("{FAE04EC0-301F-11D3-BF4B-00C04F79EFBC}") = "Hardened.Amz.Web.Lambda.Harness.Tests", "src\Lambda\Web\Hardened.Amz.Web.Lambda.Harness.Tests\Hardened.Amz.Web.Lambda.Harness.Tests.csproj", "{21BFC610-6F98-4783-A78B-E887B89E39FD}"
EndProject
Project("{FAE04EC0-301F-11D3-BF4B-00C04F79EFBC}") = "Hardened.Amz.Shared.Lambda.Testing.Tests", "src\Lambda\Shared\Hardened.Amz.Shared.Lambda.Testing.Tests\Hardened.Amz.Shared.Lambda.Testing.Tests.csproj", "{414FC9A8-4F79-4FC0-9166-D743EE88A9FE}"
EndProject
Project("{FAE04EC0-301F-11D3-BF4B-00C04F79EFBC}") = "Hardened.Amz.Cdk.Tests", "src\Hardened.Amz.Cdk.Tests\Hardened.Amz.Cdk.Tests.csproj", "{1DDDF174-208A-484D-937F-32734B1E7325}"
EndProject
Project("{FAE04EC0-301F-11D3-BF4B-00C04F79EFBC}") = "Hardened.Amz.Function.Lambda.SourceGenerator.Tests", "src\SourceGenerators\Lambda\Hardened.Amz.Function.Lambda.SourceGenerator.Tests\Hardened.Amz.Function.Lambda.SourceGenerator.Tests.csproj", "{344C59D3-D5FC-464A-9583-961B181EBAA2}"
EndProject
Project("{FAE04EC0-301F-11D3-BF4B-00C04F79EFBC}") = "Hardened.Amz.Web.Lambda.SourceGenerator.Tests", "src\SourceGenerators\Lambda\Hardened.Amz.Web.Lambda.SourceGenerator.Tests\Hardened.Amz.Web.Lambda.SourceGenerator.Tests.csproj", "{05B031D9-64CE-4FB5-8303-ED1793A99F10}"
EndProject
Project("{2150E333-8FDC-42A3-9474-1A3956D46DE8}") = "Web", "Web", "{918A94E5-5CD6-EAF4-EEB1-663B13A60B12}"
EndProject
Project("{FAE04EC0-301F-11D3-BF4B-00C04F79EFBC}") = "Hardened.Amz.SourceGeneration.Testing", "src\SourceGenerators\Hardened.Amz.SourceGeneration.Testing\Hardened.Amz.SourceGeneration.Testing.csproj", "{4530065D-E53C-41F4-86DF-529090AF05DE}"
EndProject
Global
	GlobalSection(SolutionConfigurationPlatforms) = preSolution
		Debug|Any CPU = Debug|Any CPU
		Debug|x64 = Debug|x64
		Debug|x86 = Debug|x86
		Release|Any CPU = Release|Any CPU
		Release|x64 = Release|x64
		Release|x86 = Release|x86
	EndGlobalSection
	GlobalSection(ProjectConfigurationPlatforms) = postSolution
		{9C3B326B-C630-4B5C-B124-46588E4DEF6D}.Debug|Any CPU.ActiveCfg = Debug|Any CPU
		{9C3B326B-C630-4B5C-B124-46588E4DEF6D}.Debug|Any CPU.Build.0 = Debug|Any CPU
		{9C3B326B-C630-4B5C-B124-46588E4DEF6D}.Debug|x64.ActiveCfg = Debug|Any CPU
		{9C3B326B-C630-4B5C-B124-46588E4DEF6D}.Debug|x64.Build.0 = Debug|Any CPU
		{9C3B326B-C630-4B5C-B124-46588E4DEF6D}.Debug|x86.ActiveCfg = Debug|Any CPU
		{9C3B326B-C630-4B5C-B124-46588E4DEF6D}.Debug|x86.Build.0 = Debug|Any CPU
		{9C3B326B-C630-4B5C-B124-46588E4DEF6D}.Release|Any CPU.ActiveCfg = Release|Any CPU
		{9C3B326B-C630-4B5C-B124-46588E4DEF6D}.Release|Any CPU.Build.0 = Release|Any CPU
		{9C3B326B-C630-4B5C-B124-46588E4DEF6D}.Release|x64.ActiveCfg = Release|Any CPU
		{9C3B326B-C630-4B5C-B124-46588E4DEF6D}.Release|x64.Build.0 = Release|Any CPU
		{9C3B326B-C630-4B5C-B124-46588E4DEF6D}.Release|x86.ActiveCfg = Release|Any CPU
		{9C3B326B-C630-4B5C-B124-46588E4DEF6D}.Release|x86.Build.0 = Release|Any CPU
		{37C9793F-2E7D-417B-8F47-86943E3B66CF}.Debug|Any CPU.ActiveCfg = Debug|Any CPU
		{37C9793F-2E7D-417B-8F47-86943E3B66CF}.Debug|Any CPU.Build.0 = Debug|Any CPU
		{37C9793F-2E7D-417B-8F47-86943E3B66CF}.Debug|x64.ActiveCfg = Debug|Any CPU
		{37C9793F-2E7D-417B-8F47-86943E3B66CF}.Debug|x64.Build.0 = Debug|Any CPU
		{37C9793F-2E7D-417B-8F47-86943E3B66CF}.Debug|x86.ActiveCfg = Debug|Any CPU
		{37C9793F-2E7D-417B-8F47-86943E3B66CF}.Debug|x86.Build.0 = Debug|Any CPU
		{37C9793F-2E7D-417B-8F47-86943E3B66CF}.Release|Any CPU.ActiveCfg = Release|Any CPU
		{37C9793F-2E7D-417B-8F47-86943E3B66CF}.Release|Any CPU.Build.0 = Release|Any CPU
		{37C9793F-2E7D-417B-8F47-86943E3B66CF}.Release|x64.ActiveCfg = Release|Any CPU
		{37C9793F-2E7D-417B-8F47-86943E3B66CF}.Release|x64.Build.0 = Release|Any CPU
		{37C9793F-2E7D-417B-8F47-86943E3B66CF}.Release|x86.ActiveCfg = Release|Any CPU
		{37C9793F-2E7D-417B-8F47-86943E3B66CF}.Release|x86.Build.0 = Release|Any CPU
		{A402B636-56BD-483A-B201-AF08DD1F480C}.Debug|Any CPU.ActiveCfg = Debug|Any CPU
		{A402B636-56BD-483A-B201-AF08DD1F480C}.Debug|Any CPU.Build.0 = Debug|Any CPU
		{A402B636-56BD-483A-B201-AF08DD1F480C}.Debug|x64.ActiveCfg = Debug|Any CPU
		{A402B636-56BD-483A-B201-AF08DD1F480C}.Debug|x64.Build.0 = Debug|Any CPU
		{A402B636-56BD-483A-B201-AF08DD1F480C}.Debug|x86.ActiveCfg = Debug|Any CPU
		{A402B636-56BD-483A-B201-AF08DD1F480C}.Debug|x86.Build.0 = Debug|Any CPU
		{A402B636-56BD-483A-B201-AF08DD1F480C}.Release|Any CPU.ActiveCfg = Release|Any CPU
		{A402B636-56BD-483A-B201-AF08DD1F480C}.Release|Any CPU.Build.0 = Release|Any CPU
		{A402B636-56BD-483A-B201-AF08DD1F480C}.Release|x64.ActiveCfg = Release|Any CPU
		{A402B636-56BD-483A-B201-AF08DD1F480C}.Release|x64.Build.0 = Release|Any CPU
		{A402B636-56BD-483A-B201-AF08DD1F480C}.Release|x86.ActiveCfg = Release|Any CPU
		{A402B636-56BD-483A-B201-AF08DD1F480C}.Release|x86.Build.0 = Release|Any CPU
		{DAFD78A0-3ED7-4169-9AEB-4FFEC102BC02}.Debug|Any CPU.ActiveCfg = Debug|Any CPU
		{DAFD78A0-3ED7-4169-9AEB-4FFEC102BC02}.Debug|Any CPU.Build.0 = Debug|Any CPU
		{DAFD78A0-3ED7-4169-9AEB-4FFEC102BC02}.Debug|x64.ActiveCfg = Debug|Any CPU
		{DAFD78A0-3ED7-4169-9AEB-4FFEC102BC02}.Debug|x64.Build.0 = Debug|Any CPU
		{DAFD78A0-3ED7-4169-9AEB-4FFEC102BC02}.Debug|x86.ActiveCfg = Debug|Any CPU
		{DAFD78A0-3ED7-4169-9AEB-4FFEC102BC02}.Debug|x86.Build.0 = Debug|Any CPU
		{DAFD78A0-3ED7-4169-9AEB-4FFEC102BC02}.Release|Any CPU.ActiveCfg = Release|Any CPU
		{DAFD78A0-3ED7-4169-9AEB-4FFEC102BC02}.Release|Any CPU.Build.0 = Release|Any CPU
		{DAFD78A0-3ED7-4169-9AEB-4FFEC102BC02}.Release|x64.ActiveCfg = Release|Any CPU
		{DAFD78A0-3ED7-4169-9AEB-4FFEC102BC02}.Release|x64.Build.0 = Release|Any CPU
		{DAFD78A0-3ED7-4169-9AEB-4FFEC102BC02}.Release|x86.ActiveCfg = Release|Any CPU
		{DAFD78A0-3ED7-4169-9AEB-4FFEC102BC02}.Release|x86.Build.0 = Release|Any CPU
		{140AEFDA-5DEC-4AF6-9FBE-E1DFAB53EB0D}.Debug|Any CPU.ActiveCfg = Debug|Any CPU
		{140AEFDA-5DEC-4AF6-9FBE-E1DFAB53EB0D}.Debug|Any CPU.Build.0 = Debug|Any CPU
		{140AEFDA-5DEC-4AF6-9FBE-E1DFAB53EB0D}.Debug|x64.ActiveCfg = Debug|Any CPU
		{140AEFDA-5DEC-4AF6-9FBE-E1DFAB53EB0D}.Debug|x64.Build.0 = Debug|Any CPU
		{140AEFDA-5DEC-4AF6-9FBE-E1DFAB53EB0D}.Debug|x86.ActiveCfg = Debug|Any CPU
		{140AEFDA-5DEC-4AF6-9FBE-E1DFAB53EB0D}.Debug|x86.Build.0 = Debug|Any CPU
		{140AEFDA-5DEC-4AF6-9FBE-E1DFAB53EB0D}.Release|Any CPU.ActiveCfg = Release|Any CPU
		{140AEFDA-5DEC-4AF6-9FBE-E1DFAB53EB0D}.Release|Any CPU.Build.0 = Release|Any CPU
		{140AEFDA-5DEC-4AF6-9FBE-E1DFAB53EB0D}.Release|x64.ActiveCfg = Release|Any CPU
		{140AEFDA-5DEC-4AF6-9FBE-E1DFAB53EB0D}.Release|x64.Build.0 = Release|Any CPU
		{140AEFDA-5DEC-4AF6-9FBE-E1DFAB53EB0D}.Release|x86.ActiveCfg = Release|Any CPU
		{140AEFDA-5DEC-4AF6-9FBE-E1DFAB53EB0D}.Release|x86.Build.0 = Release|Any CPU
		{7B23C596-5AAA-4B87-AE85-F5A63C56A4C0}.Debug|Any CPU.ActiveCfg = Debug|Any CPU
		{7B23C596-5AAA-4B87-AE85-F5A63C56A4C0}.Debug|Any CPU.Build.0 = Debug|Any CPU
		{7B23C596-5AAA-4B87-AE85-F5A63C56A4C0}.Debug|x64.ActiveCfg = Debug|Any CPU
		{7B23C596-5AAA-4B87-AE85-F5A63C56A4C0}.Debug|x64.Build.0 = Debug|Any CPU
		{7B23C596-5AAA-4B87-AE85-F5A63C56A4C0}.Debug|x86.ActiveCfg = Debug|Any CPU
		{7B23C596-5AAA-4B87-AE85-F5A63C56A4C0}.Debug|x86.Build.0 = Debug|Any CPU
		{7B23C596-5AAA-4B87-AE85-F5A63C56A4C0}.Release|Any CPU.ActiveCfg = Release|Any CPU
		{7B23C596-5AAA-4B87-AE85-F5A63C56A4C0}.Release|Any CPU.Build.0 = Release|Any CPU
		{7B23C596-5AAA-4B87-AE85-F5A63C56A4C0}.Release|x64.ActiveCfg = Release|Any CPU
		{7B23C596-5AAA-4B87-AE85-F5A63C56A4C0}.Release|x64.Build.0 = Release|Any CPU
		{7B23C596-5AAA-4B87-AE85-F5A63C56A4C0}.Release|x86.ActiveCfg = Release|Any CPU
		{7B23C596-5AAA-4B87-AE85-F5A63C56A4C0}.Release|x86.Build.0 = Release|Any CPU
		{7CA6335B-00FC-464E-ACA0-3825F2323CF3}.Debug|Any CPU.ActiveCfg = Debug|Any CPU
		{7CA6335B-00FC-464E-ACA0-3825F2323CF3}.Debug|Any CPU.Build.0 = Debug|Any CPU
		{7CA6335B-00FC-464E-ACA0-3825F2323CF3}.Debug|x64.ActiveCfg = Debug|Any CPU
		{7CA6335B-00FC-464E-ACA0-3825F2323CF3}.Debug|x64.Build.0 = Debug|Any CPU
		{7CA6335B-00FC-464E-ACA0-3825F2323CF3}.Debug|x86.ActiveCfg = Debug|Any CPU
		{7CA6335B-00FC-464E-ACA0-3825F2323CF3}.Debug|x86.Build.0 = Debug|Any CPU
		{7CA6335B-00FC-464E-ACA0-3825F2323CF3}.Release|Any CPU.ActiveCfg = Release|Any CPU
		{7CA6335B-00FC-464E-ACA0-3825F2323CF3}.Release|Any CPU.Build.0 = Release|Any CPU
		{7CA6335B-00FC-464E-ACA0-3825F2323CF3}.Release|x64.ActiveCfg = Release|Any CPU
		{7CA6335B-00FC-464E-ACA0-3825F2323CF3}.Release|x64.Build.0 = Release|Any CPU
		{7CA6335B-00FC-464E-ACA0-3825F2323CF3}.Release|x86.ActiveCfg = Release|Any CPU
		{7CA6335B-00FC-464E-ACA0-3825F2323CF3}.Release|x86.Build.0 = Release|Any CPU
		{64399A94-8430-499F-8D25-3FD8420C716D}.Debug|Any CPU.ActiveCfg = Debug|Any CPU
		{64399A94-8430-499F-8D25-3FD8420C716D}.Debug|Any CPU.Build.0 = Debug|Any CPU
		{64399A94-8430-499F-8D25-3FD8420C716D}.Debug|x64.ActiveCfg = Debug|Any CPU
		{64399A94-8430-499F-8D25-3FD8420C716D}.Debug|x64.Build.0 = Debug|Any CPU
		{64399A94-8430-499F-8D25-3FD8420C716D}.Debug|x86.ActiveCfg = Debug|Any CPU
		{64399A94-8430-499F-8D25-3FD8420C716D}.Debug|x86.Build.0 = Debug|Any CPU
		{64399A94-8430-499F-8D25-3FD8420C716D}.Release|Any CPU.ActiveCfg = Release|Any CPU
		{64399A94-8430-499F-8D25-3FD8420C716D}.Release|Any CPU.Build.0 = Release|Any CPU
		{64399A94-8430-499F-8D25-3FD8420C716D}.Release|x64.ActiveCfg = Release|Any CPU
		{64399A94-8430-499F-8D25-3FD8420C716D}.Release|x64.Build.0 = Release|Any CPU
		{64399A94-8430-499F-8D25-3FD8420C716D}.Release|x86.ActiveCfg = Release|Any CPU
		{64399A94-8430-499F-8D25-3FD8420C716D}.Release|x86.Build.0 = Release|Any CPU
		{139F5B3F-2E2B-42FA-A506-36D958CD9DA6}.Debug|Any CPU.ActiveCfg = Debug|Any CPU
		{139F5B3F-2E2B-42FA-A506-36D958CD9DA6}.Debug|Any CPU.Build.0 = Debug|Any CPU
		{139F5B3F-2E2B-42FA-A506-36D958CD9DA6}.Debug|x64.ActiveCfg = Debug|Any CPU
		{139F5B3F-2E2B-42FA-A506-36D958CD9DA6}.Debug|x64.Build.0 = Debug|Any CPU
		{139F5B3F-2E2B-42FA-A506-36D958CD9DA6}.Debug|x86.ActiveCfg = Debug|Any CPU
		{139F5B3F-2E2B-42FA-A506-36D958CD9DA6}.Debug|x86.Build.0 = Debug|Any CPU
		{139F5B3F-2E2B-42FA-A506-36D958CD9DA6}.Release|Any CPU.ActiveCfg = Release|Any CPU
		{139F5B3F-2E2B-42FA-A506-36D958CD9DA6}.Release|Any CPU.Build.0 = Release|Any CPU
		{139F5B3F-2E2B-42FA-A506-36D958CD9DA6}.Release|x64.ActiveCfg = Release|Any CPU
		{139F5B3F-2E2B-42FA-A506-36D958CD9DA6}.Release|x64.Build.0 = Release|Any CPU
		{139F5B3F-2E2B-42FA-A506-36D958CD9DA6}.Release|x86.ActiveCfg = Release|Any CPU
		{139F5B3F-2E2B-42FA-A506-36D958CD9DA6}.Release|x86.Build.0 = Release|Any CPU
		{B71621AC-7428-457F-80F3-55849065273F}.Debug|Any CPU.ActiveCfg = Debug|Any CPU
		{B71621AC-7428-457F-80F3-55849065273F}.Debug|Any CPU.Build.0 = Debug|Any CPU
		{B71621AC-7428-457F-80F3-55849065273F}.Debug|x64.ActiveCfg = Debug|Any CPU
		{B71621AC-7428-457F-80F3-55849065273F}.Debug|x64.Build.0 = Debug|Any CPU
		{B71621AC-7428-457F-80F3-55849065273F}.Debug|x86.ActiveCfg = Debug|Any CPU
		{B71621AC-7428-457F-80F3-55849065273F}.Debug|x86.Build.0 = Debug|Any CPU
		{B71621AC-7428-457F-80F3-55849065273F}.Release|Any CPU.ActiveCfg = Release|Any CPU
		{B71621AC-7428-457F-80F3-55849065273F}.Release|Any CPU.Build.0 = Release|Any CPU
		{B71621AC-7428-457F-80F3-55849065273F}.Release|x64.ActiveCfg = Release|Any CPU
		{B71621AC-7428-457F-80F3-55849065273F}.Release|x64.Build.0 = Release|Any CPU
		{B71621AC-7428-457F-80F3-55849065273F}.Release|x86.ActiveCfg = Release|Any CPU
		{B71621AC-7428-457F-80F3-55849065273F}.Release|x86.Build.0 = Release|Any CPU
		{C3CC30C1-9197-44A7-95DE-5B19E6441842}.Debug|Any CPU.ActiveCfg = Debug|Any CPU
		{C3CC30C1-9197-44A7-95DE-5B19E6441842}.Debug|Any CPU.Build.0 = Debug|Any CPU
		{C3CC30C1-9197-44A7-95DE-5B19E6441842}.Debug|x64.ActiveCfg = Debug|Any CPU
		{C3CC30C1-9197-44A7-95DE-5B19E6441842}.Debug|x64.Build.0 = Debug|Any CPU
		{C3CC30C1-9197-44A7-95DE-5B19E6441842}.Debug|x86.ActiveCfg = Debug|Any CPU
		{C3CC30C1-9197-44A7-95DE-5B19E6441842}.Debug|x86.Build.0 = Debug|Any CPU
		{C3CC30C1-9197-44A7-95DE-5B19E6441842}.Release|Any CPU.ActiveCfg = Release|Any CPU
		{C3CC30C1-9197-44A7-95DE-5B19E6441842}.Release|Any CPU.Build.0 = Release|Any CPU
		{C3CC30C1-9197-44A7-95DE-5B19E6441842}.Release|x64.ActiveCfg = Release|Any CPU
		{C3CC30C1-9197-44A7-95DE-5B19E6441842}.Release|x64.Build.0 = Release|Any CPU
		{C3CC30C1-9197-44A7-95DE-5B19E6441842}.Release|x86.ActiveCfg = Release|Any CPU
		{C3CC30C1-9197-44A7-95DE-5B19E6441842}.Release|x86.Build.0 = Release|Any CPU
		{903BEB7D-6E5F-4E7B-B5F4-5D329DC716FA}.Debug|Any CPU.ActiveCfg = Debug|Any CPU
		{903BEB7D-6E5F-4E7B-B5F4-5D329DC716FA}.Debug|Any CPU.Build.0 = Debug|Any CPU
		{903BEB7D-6E5F-4E7B-B5F4-5D329DC716FA}.Debug|x64.ActiveCfg = Debug|Any CPU
		{903BEB7D-6E5F-4E7B-B5F4-5D329DC716FA}.Debug|x64.Build.0 = Debug|Any CPU
		{903BEB7D-6E5F-4E7B-B5F4-5D329DC716FA}.Debug|x86.ActiveCfg = Debug|Any CPU
		{903BEB7D-6E5F-4E7B-B5F4-5D329DC716FA}.Debug|x86.Build.0 = Debug|Any CPU
		{903BEB7D-6E5F-4E7B-B5F4-5D329DC716FA}.Release|Any CPU.ActiveCfg = Release|Any CPU
		{903BEB7D-6E5F-4E7B-B5F4-5D329DC716FA}.Release|Any CPU.Build.0 = Release|Any CPU
		{903BEB7D-6E5F-4E7B-B5F4-5D329DC716FA}.Release|x64.ActiveCfg = Release|Any CPU
		{903BEB7D-6E5F-4E7B-B5F4-5D329DC716FA}.Release|x64.Build.0 = Release|Any CPU
		{903BEB7D-6E5F-4E7B-B5F4-5D329DC716FA}.Release|x86.ActiveCfg = Release|Any CPU
		{903BEB7D-6E5F-4E7B-B5F4-5D329DC716FA}.Release|x86.Build.0 = Release|Any CPU
		{AFFE034E-2F66-4DFA-B79E-27D95054E06C}.Debug|Any CPU.ActiveCfg = Debug|Any CPU
		{AFFE034E-2F66-4DFA-B79E-27D95054E06C}.Debug|Any CPU.Build.0 = Debug|Any CPU
		{AFFE034E-2F66-4DFA-B79E-27D95054E06C}.Debug|x64.ActiveCfg = Debug|Any CPU
		{AFFE034E-2F66-4DFA-B79E-27D95054E06C}.Debug|x64.Build.0 = Debug|Any CPU
		{AFFE034E-2F66-4DFA-B79E-27D95054E06C}.Debug|x86.ActiveCfg = Debug|Any CPU
		{AFFE034E-2F66-4DFA-B79E-27D95054E06C}.Debug|x86.Build.0 = Debug|Any CPU
		{AFFE034E-2F66-4DFA-B79E-27D95054E06C}.Release|Any CPU.ActiveCfg = Release|Any CPU
		{AFFE034E-2F66-4DFA-B79E-27D95054E06C}.Release|Any CPU.Build.0 = Release|Any CPU
		{AFFE034E-2F66-4DFA-B79E-27D95054E06C}.Release|x64.ActiveCfg = Release|Any CPU
		{AFFE034E-2F66-4DFA-B79E-27D95054E06C}.Release|x64.Build.0 = Release|Any CPU
		{AFFE034E-2F66-4DFA-B79E-27D95054E06C}.Release|x86.ActiveCfg = Release|Any CPU
		{AFFE034E-2F66-4DFA-B79E-27D95054E06C}.Release|x86.Build.0 = Release|Any CPU
		{2CCF2911-88BB-4805-8F8A-A81118619DF4}.Debug|Any CPU.ActiveCfg = Debug|Any CPU
		{2CCF2911-88BB-4805-8F8A-A81118619DF4}.Debug|Any CPU.Build.0 = Debug|Any CPU
		{2CCF2911-88BB-4805-8F8A-A81118619DF4}.Debug|x64.ActiveCfg = Debug|Any CPU
		{2CCF2911-88BB-4805-8F8A-A81118619DF4}.Debug|x64.Build.0 = Debug|Any CPU
		{2CCF2911-88BB-4805-8F8A-A81118619DF4}.Debug|x86.ActiveCfg = Debug|Any CPU
		{2CCF2911-88BB-4805-8F8A-A81118619DF4}.Debug|x86.Build.0 = Debug|Any CPU
		{2CCF2911-88BB-4805-8F8A-A81118619DF4}.Release|Any CPU.ActiveCfg = Release|Any CPU
		{2CCF2911-88BB-4805-8F8A-A81118619DF4}.Release|Any CPU.Build.0 = Release|Any CPU
		{2CCF2911-88BB-4805-8F8A-A81118619DF4}.Release|x64.ActiveCfg = Release|Any CPU
		{2CCF2911-88BB-4805-8F8A-A81118619DF4}.Release|x64.Build.0 = Release|Any CPU
		{2CCF2911-88BB-4805-8F8A-A81118619DF4}.Release|x86.ActiveCfg = Release|Any CPU
		{2CCF2911-88BB-4805-8F8A-A81118619DF4}.Release|x86.Build.0 = Release|Any CPU
		{F89D110E-8159-4E40-B71B-15E14C6A630F}.Debug|Any CPU.ActiveCfg = Debug|Any CPU
		{F89D110E-8159-4E40-B71B-15E14C6A630F}.Debug|Any CPU.Build.0 = Debug|Any CPU
		{F89D110E-8159-4E40-B71B-15E14C6A630F}.Debug|x64.ActiveCfg = Debug|Any CPU
		{F89D110E-8159-4E40-B71B-15E14C6A630F}.Debug|x64.Build.0 = Debug|Any CPU
		{F89D110E-8159-4E40-B71B-15E14C6A630F}.Debug|x86.ActiveCfg = Debug|Any CPU
		{F89D110E-8159-4E40-B71B-15E14C6A630F}.Debug|x86.Build.0 = Debug|Any CPU
		{F89D110E-8159-4E40-B71B-15E14C6A630F}.Release|Any CPU.ActiveCfg = Release|Any CPU
		{F89D110E-8159-4E40-B71B-15E14C6A630F}.Release|Any CPU.Build.0 = Release|Any CPU
		{F89D110E-8159-4E40-B71B-15E14C6A630F}.Release|x64.ActiveCfg = Release|Any CPU
		{F89D110E-8159-4E40-B71B-15E14C6A630F}.Release|x64.Build.0 = Release|Any CPU
		{F89D110E-8159-4E40-B71B-15E14C6A630F}.Release|x86.ActiveCfg = Release|Any CPU
		{F89D110E-8159-4E40-B71B-15E14C6A630F}.Release|x86.Build.0 = Release|Any CPU
		{124856D5-9E3D-4805-B163-440F07FFB801}.Debug|Any CPU.ActiveCfg = Debug|Any CPU
		{124856D5-9E3D-4805-B163-440F07FFB801}.Debug|Any CPU.Build.0 = Debug|Any CPU
		{124856D5-9E3D-4805-B163-440F07FFB801}.Debug|x64.ActiveCfg = Debug|Any CPU
		{124856D5-9E3D-4805-B163-440F07FFB801}.Debug|x64.Build.0 = Debug|Any CPU
		{124856D5-9E3D-4805-B163-440F07FFB801}.Debug|x86.ActiveCfg = Debug|Any CPU
		{124856D5-9E3D-4805-B163-440F07FFB801}.Debug|x86.Build.0 = Debug|Any CPU
		{124856D5-9E3D-4805-B163-440F07FFB801}.Release|Any CPU.ActiveCfg = Release|Any CPU
		{124856D5-9E3D-4805-B163-440F07FFB801}.Release|Any CPU.Build.0 = Release|Any CPU
		{124856D5-9E3D-4805-B163-440F07FFB801}.Release|x64.ActiveCfg = Release|Any CPU
		{124856D5-9E3D-4805-B163-440F07FFB801}.Release|x64.Build.0 = Release|Any CPU
		{124856D5-9E3D-4805-B163-440F07FFB801}.Release|x86.ActiveCfg = Release|Any CPU
		{124856D5-9E3D-4805-B163-440F07FFB801}.Release|x86.Build.0 = Release|Any CPU
		{20F36ACD-E863-4CEA-B17A-72B08CD17BFB}.Debug|Any CPU.ActiveCfg = Debug|Any CPU
		{20F36ACD-E863-4CEA-B17A-72B08CD17BFB}.Debug|Any CPU.Build.0 = Debug|Any CPU
		{20F36ACD-E863-4CEA-B17A-72B08CD17BFB}.Debug|x64.ActiveCfg = Debug|Any CPU
		{20F36ACD-E863-4CEA-B17A-72B08CD17BFB}.Debug|x64.Build.0 = Debug|Any CPU
		{20F36ACD-E863-4CEA-B17A-72B08CD17BFB}.Debug|x86.ActiveCfg = Debug|Any CPU
		{20F36ACD-E863-4CEA-B17A-72B08CD17BFB}.Debug|x86.Build.0 = Debug|Any CPU
		{20F36ACD-E863-4CEA-B17A-72B08CD17BFB}.Release|Any CPU.ActiveCfg = Release|Any CPU
		{20F36ACD-E863-4CEA-B17A-72B08CD17BFB}.Release|Any CPU.Build.0 = Release|Any CPU
		{20F36ACD-E863-4CEA-B17A-72B08CD17BFB}.Release|x64.ActiveCfg = Release|Any CPU
		{20F36ACD-E863-4CEA-B17A-72B08CD17BFB}.Release|x64.Build.0 = Release|Any CPU
		{20F36ACD-E863-4CEA-B17A-72B08CD17BFB}.Release|x86.ActiveCfg = Release|Any CPU
		{20F36ACD-E863-4CEA-B17A-72B08CD17BFB}.Release|x86.Build.0 = Release|Any CPU
		{1DA95364-EF64-44DB-BE43-D84977228ADF}.Debug|Any CPU.ActiveCfg = Debug|Any CPU
		{1DA95364-EF64-44DB-BE43-D84977228ADF}.Debug|Any CPU.Build.0 = Debug|Any CPU
		{1DA95364-EF64-44DB-BE43-D84977228ADF}.Debug|x64.ActiveCfg = Debug|Any CPU
		{1DA95364-EF64-44DB-BE43-D84977228ADF}.Debug|x64.Build.0 = Debug|Any CPU
		{1DA95364-EF64-44DB-BE43-D84977228ADF}.Debug|x86.ActiveCfg = Debug|Any CPU
		{1DA95364-EF64-44DB-BE43-D84977228ADF}.Debug|x86.Build.0 = Debug|Any CPU
		{1DA95364-EF64-44DB-BE43-D84977228ADF}.Release|Any CPU.ActiveCfg = Release|Any CPU
		{1DA95364-EF64-44DB-BE43-D84977228ADF}.Release|Any CPU.Build.0 = Release|Any CPU
		{1DA95364-EF64-44DB-BE43-D84977228ADF}.Release|x64.ActiveCfg = Release|Any CPU
		{1DA95364-EF64-44DB-BE43-D84977228ADF}.Release|x64.Build.0 = Release|Any CPU
		{1DA95364-EF64-44DB-BE43-D84977228ADF}.Release|x86.ActiveCfg = Release|Any CPU
		{1DA95364-EF64-44DB-BE43-D84977228ADF}.Release|x86.Build.0 = Release|Any CPU
		{9748A745-0A02-47E0-A394-18278B2678AF}.Debug|Any CPU.ActiveCfg = Debug|Any CPU
		{9748A745-0A02-47E0-A394-18278B2678AF}.Debug|Any CPU.Build.0 = Debug|Any CPU
		{9748A745-0A02-47E0-A394-18278B2678AF}.Debug|x64.ActiveCfg = Debug|Any CPU
		{9748A745-0A02-47E0-A394-18278B2678AF}.Debug|x64.Build.0 = Debug|Any CPU
		{9748A745-0A02-47E0-A394-18278B2678AF}.Debug|x86.ActiveCfg = Debug|Any CPU
		{9748A745-0A02-47E0-A394-18278B2678AF}.Debug|x86.Build.0 = Debug|Any CPU
		{9748A745-0A02-47E0-A394-18278B2678AF}.Release|Any CPU.ActiveCfg = Release|Any CPU
		{9748A745-0A02-47E0-A394-18278B2678AF}.Release|Any CPU.Build.0 = Release|Any CPU
		{9748A745-0A02-47E0-A394-18278B2678AF}.Release|x64.ActiveCfg = Release|Any CPU
		{9748A745-0A02-47E0-A394-18278B2678AF}.Release|x64.Build.0 = Release|Any CPU
		{9748A745-0A02-47E0-A394-18278B2678AF}.Release|x86.ActiveCfg = Release|Any CPU
		{9748A745-0A02-47E0-A394-18278B2678AF}.Release|x86.Build.0 = Release|Any CPU
		{A23D1B08-C078-4A47-B25E-14735E2ED3F5}.Debug|Any CPU.ActiveCfg = Debug|Any CPU
		{A23D1B08-C078-4A47-B25E-14735E2ED3F5}.Debug|Any CPU.Build.0 = Debug|Any CPU
		{A23D1B08-C078-4A47-B25E-14735E2ED3F5}.Debug|x64.ActiveCfg = Debug|Any CPU
		{A23D1B08-C078-4A47-B25E-14735E2ED3F5}.Debug|x64.Build.0 = Debug|Any CPU
		{A23D1B08-C078-4A47-B25E-14735E2ED3F5}.Debug|x86.ActiveCfg = Debug|Any CPU
		{A23D1B08-C078-4A47-B25E-14735E2ED3F5}.Debug|x86.Build.0 = Debug|Any CPU
		{A23D1B08-C078-4A47-B25E-14735E2ED3F5}.Release|Any CPU.ActiveCfg = Release|Any CPU
		{A23D1B08-C078-4A47-B25E-14735E2ED3F5}.Release|Any CPU.Build.0 = Release|Any CPU
		{A23D1B08-C078-4A47-B25E-14735E2ED3F5}.Release|x64.ActiveCfg = Release|Any CPU
		{A23D1B08-C078-4A47-B25E-14735E2ED3F5}.Release|x64.Build.0 = Release|Any CPU
		{A23D1B08-C078-4A47-B25E-14735E2ED3F5}.Release|x86.ActiveCfg = Release|Any CPU
		{A23D1B08-C078-4A47-B25E-14735E2ED3F5}.Release|x86.Build.0 = Release|Any CPU
		{F5D94E66-1A24-4B1F-8ADB-AB227C84AA34}.Debug|Any CPU.ActiveCfg = Debug|Any CPU
		{F5D94E66-1A24-4B1F-8ADB-AB227C84AA34}.Debug|Any CPU.Build.0 = Debug|Any CPU
		{F5D94E66-1A24-4B1F-8ADB-AB227C84AA34}.Debug|x64.ActiveCfg = Debug|Any CPU
		{F5D94E66-1A24-4B1F-8ADB-AB227C84AA34}.Debug|x64.Build.0 = Debug|Any CPU
		{F5D94E66-1A24-4B1F-8ADB-AB227C84AA34}.Debug|x86.ActiveCfg = Debug|Any CPU
		{F5D94E66-1A24-4B1F-8ADB-AB227C84AA34}.Debug|x86.Build.0 = Debug|Any CPU
		{F5D94E66-1A24-4B1F-8ADB-AB227C84AA34}.Release|Any CPU.ActiveCfg = Release|Any CPU
		{F5D94E66-1A24-4B1F-8ADB-AB227C84AA34}.Release|Any CPU.Build.0 = Release|Any CPU
		{F5D94E66-1A24-4B1F-8ADB-AB227C84AA34}.Release|x64.ActiveCfg = Release|Any CPU
		{F5D94E66-1A24-4B1F-8ADB-AB227C84AA34}.Release|x64.Build.0 = Release|Any CPU
		{F5D94E66-1A24-4B1F-8ADB-AB227C84AA34}.Release|x86.ActiveCfg = Release|Any CPU
		{F5D94E66-1A24-4B1F-8ADB-AB227C84AA34}.Release|x86.Build.0 = Release|Any CPU
		{886502D0-CDE7-48B9-935A-B1B0E70A1EB4}.Debug|Any CPU.ActiveCfg = Debug|Any CPU
		{886502D0-CDE7-48B9-935A-B1B0E70A1EB4}.Debug|Any CPU.Build.0 = Debug|Any CPU
		{886502D0-CDE7-48B9-935A-B1B0E70A1EB4}.Debug|x64.ActiveCfg = Debug|Any CPU
		{886502D0-CDE7-48B9-935A-B1B0E70A1EB4}.Debug|x64.Build.0 = Debug|Any CPU
		{886502D0-CDE7-48B9-935A-B1B0E70A1EB4}.Debug|x86.ActiveCfg = Debug|Any CPU
		{886502D0-CDE7-48B9-935A-B1B0E70A1EB4}.Debug|x86.Build.0 = Debug|Any CPU
		{886502D0-CDE7-48B9-935A-B1B0E70A1EB4}.Release|Any CPU.ActiveCfg = Release|Any CPU
		{886502D0-CDE7-48B9-935A-B1B0E70A1EB4}.Release|Any CPU.Build.0 = Release|Any CPU
		{886502D0-CDE7-48B9-935A-B1B0E70A1EB4}.Release|x64.ActiveCfg = Release|Any CPU
		{886502D0-CDE7-48B9-935A-B1B0E70A1EB4}.Release|x64.Build.0 = Release|Any CPU
		{886502D0-CDE7-48B9-935A-B1B0E70A1EB4}.Release|x86.ActiveCfg = Release|Any CPU
		{886502D0-CDE7-48B9-935A-B1B0E70A1EB4}.Release|x86.Build.0 = Release|Any CPU
		{385F61A9-F857-49F9-B8FA-BFA271EC0D11}.Debug|Any CPU.ActiveCfg = Debug|Any CPU
		{385F61A9-F857-49F9-B8FA-BFA271EC0D11}.Debug|Any CPU.Build.0 = Debug|Any CPU
		{385F61A9-F857-49F9-B8FA-BFA271EC0D11}.Debug|x64.ActiveCfg = Debug|Any CPU
		{385F61A9-F857-49F9-B8FA-BFA271EC0D11}.Debug|x64.Build.0 = Debug|Any CPU
		{385F61A9-F857-49F9-B8FA-BFA271EC0D11}.Debug|x86.ActiveCfg = Debug|Any CPU
		{385F61A9-F857-49F9-B8FA-BFA271EC0D11}.Debug|x86.Build.0 = Debug|Any CPU
		{385F61A9-F857-49F9-B8FA-BFA271EC0D11}.Release|Any CPU.ActiveCfg = Release|Any CPU
		{385F61A9-F857-49F9-B8FA-BFA271EC0D11}.Release|Any CPU.Build.0 = Release|Any CPU
		{385F61A9-F857-49F9-B8FA-BFA271EC0D11}.Release|x64.ActiveCfg = Release|Any CPU
		{385F61A9-F857-49F9-B8FA-BFA271EC0D11}.Release|x64.Build.0 = Release|Any CPU
		{385F61A9-F857-49F9-B8FA-BFA271EC0D11}.Release|x86.ActiveCfg = Release|Any CPU
		{385F61A9-F857-49F9-B8FA-BFA271EC0D11}.Release|x86.Build.0 = Release|Any CPU
		{70D40593-EF3A-4518-BA75-22D7FD762FE3}.Debug|Any CPU.ActiveCfg = Debug|Any CPU
		{70D40593-EF3A-4518-BA75-22D7FD762FE3}.Debug|Any CPU.Build.0 = Debug|Any CPU
		{70D40593-EF3A-4518-BA75-22D7FD762FE3}.Debug|x64.ActiveCfg = Debug|Any CPU
		{70D40593-EF3A-4518-BA75-22D7FD762FE3}.Debug|x64.Build.0 = Debug|Any CPU
		{70D40593-EF3A-4518-BA75-22D7FD762FE3}.Debug|x86.ActiveCfg = Debug|Any CPU
		{70D40593-EF3A-4518-BA75-22D7FD762FE3}.Debug|x86.Build.0 = Debug|Any CPU
		{70D40593-EF3A-4518-BA75-22D7FD762FE3}.Release|Any CPU.ActiveCfg = Release|Any CPU
		{70D40593-EF3A-4518-BA75-22D7FD762FE3}.Release|Any CPU.Build.0 = Release|Any CPU
		{70D40593-EF3A-4518-BA75-22D7FD762FE3}.Release|x64.ActiveCfg = Release|Any CPU
		{70D40593-EF3A-4518-BA75-22D7FD762FE3}.Release|x64.Build.0 = Release|Any CPU
		{70D40593-EF3A-4518-BA75-22D7FD762FE3}.Release|x86.ActiveCfg = Release|Any CPU
		{70D40593-EF3A-4518-BA75-22D7FD762FE3}.Release|x86.Build.0 = Release|Any CPU
		{25297182-67CE-4DDB-99FF-3E210050A2C2}.Debug|Any CPU.ActiveCfg = Debug|Any CPU
		{25297182-67CE-4DDB-99FF-3E210050A2C2}.Debug|Any CPU.Build.0 = Debug|Any CPU
		{25297182-67CE-4DDB-99FF-3E210050A2C2}.Debug|x64.ActiveCfg = Debug|Any CPU
		{25297182-67CE-4DDB-99FF-3E210050A2C2}.Debug|x64.Build.0 = Debug|Any CPU
		{25297182-67CE-4DDB-99FF-3E210050A2C2}.Debug|x86.ActiveCfg = Debug|Any CPU
		{25297182-67CE-4DDB-99FF-3E210050A2C2}.Debug|x86.Build.0 = Debug|Any CPU
		{25297182-67CE-4DDB-99FF-3E210050A2C2}.Release|Any CPU.ActiveCfg = Release|Any CPU
		{25297182-67CE-4DDB-99FF-3E210050A2C2}.Release|Any CPU.Build.0 = Release|Any CPU
		{25297182-67CE-4DDB-99FF-3E210050A2C2}.Release|x64.ActiveCfg = Release|Any CPU
		{25297182-67CE-4DDB-99FF-3E210050A2C2}.Release|x64.Build.0 = Release|Any CPU
		{25297182-67CE-4DDB-99FF-3E210050A2C2}.Release|x86.ActiveCfg = Release|Any CPU
		{25297182-67CE-4DDB-99FF-3E210050A2C2}.Release|x86.Build.0 = Release|Any CPU
		{BA4A7C01-5632-4755-ACFC-083C7FF16F9D}.Debug|Any CPU.ActiveCfg = Debug|Any CPU
		{BA4A7C01-5632-4755-ACFC-083C7FF16F9D}.Debug|Any CPU.Build.0 = Debug|Any CPU
		{BA4A7C01-5632-4755-ACFC-083C7FF16F9D}.Debug|x64.ActiveCfg = Debug|Any CPU
		{BA4A7C01-5632-4755-ACFC-083C7FF16F9D}.Debug|x64.Build.0 = Debug|Any CPU
		{BA4A7C01-5632-4755-ACFC-083C7FF16F9D}.Debug|x86.ActiveCfg = Debug|Any CPU
		{BA4A7C01-5632-4755-ACFC-083C7FF16F9D}.Debug|x86.Build.0 = Debug|Any CPU
		{BA4A7C01-5632-4755-ACFC-083C7FF16F9D}.Release|Any CPU.ActiveCfg = Release|Any CPU
		{BA4A7C01-5632-4755-ACFC-083C7FF16F9D}.Release|Any CPU.Build.0 = Release|Any CPU
		{BA4A7C01-5632-4755-ACFC-083C7FF16F9D}.Release|x64.ActiveCfg = Release|Any CPU
		{BA4A7C01-5632-4755-ACFC-083C7FF16F9D}.Release|x64.Build.0 = Release|Any CPU
		{BA4A7C01-5632-4755-ACFC-083C7FF16F9D}.Release|x86.ActiveCfg = Release|Any CPU
		{BA4A7C01-5632-4755-ACFC-083C7FF16F9D}.Release|x86.Build.0 = Release|Any CPU
		{18C0D057-15D9-4381-9A74-A78559F76C04}.Debug|Any CPU.ActiveCfg = Debug|Any CPU
		{18C0D057-15D9-4381-9A74-A78559F76C04}.Debug|Any CPU.Build.0 = Debug|Any CPU
		{18C0D057-15D9-4381-9A74-A78559F76C04}.Debug|x64.ActiveCfg = Debug|Any CPU
		{18C0D057-15D9-4381-9A74-A78559F76C04}.Debug|x64.Build.0 = Debug|Any CPU
		{18C0D057-15D9-4381-9A74-A78559F76C04}.Debug|x86.ActiveCfg = Debug|Any CPU
		{18C0D057-15D9-4381-9A74-A78559F76C04}.Debug|x86.Build.0 = Debug|Any CPU
		{18C0D057-15D9-4381-9A74-A78559F76C04}.Release|Any CPU.ActiveCfg = Release|Any CPU
		{18C0D057-15D9-4381-9A74-A78559F76C04}.Release|Any CPU.Build.0 = Release|Any CPU
		{18C0D057-15D9-4381-9A74-A78559F76C04}.Release|x64.ActiveCfg = Release|Any CPU
		{18C0D057-15D9-4381-9A74-A78559F76C04}.Release|x64.Build.0 = Release|Any CPU
		{18C0D057-15D9-4381-9A74-A78559F76C04}.Release|x86.ActiveCfg = Release|Any CPU
		{18C0D057-15D9-4381-9A74-A78559F76C04}.Release|x86.Build.0 = Release|Any CPU
		{A88CBBCF-2360-4B88-A801-5A89E6D2D09C}.Debug|Any CPU.ActiveCfg = Debug|Any CPU
		{A88CBBCF-2360-4B88-A801-5A89E6D2D09C}.Debug|Any CPU.Build.0 = Debug|Any CPU
		{A88CBBCF-2360-4B88-A801-5A89E6D2D09C}.Debug|x64.ActiveCfg = Debug|Any CPU
		{A88CBBCF-2360-4B88-A801-5A89E6D2D09C}.Debug|x64.Build.0 = Debug|Any CPU
		{A88CBBCF-2360-4B88-A801-5A89E6D2D09C}.Debug|x86.ActiveCfg = Debug|Any CPU
		{A88CBBCF-2360-4B88-A801-5A89E6D2D09C}.Debug|x86.Build.0 = Debug|Any CPU
		{A88CBBCF-2360-4B88-A801-5A89E6D2D09C}.Release|Any CPU.ActiveCfg = Release|Any CPU
		{A88CBBCF-2360-4B88-A801-5A89E6D2D09C}.Release|Any CPU.Build.0 = Release|Any CPU
		{A88CBBCF-2360-4B88-A801-5A89E6D2D09C}.Release|x64.ActiveCfg = Release|Any CPU
		{A88CBBCF-2360-4B88-A801-5A89E6D2D09C}.Release|x64.Build.0 = Release|Any CPU
		{A88CBBCF-2360-4B88-A801-5A89E6D2D09C}.Release|x86.ActiveCfg = Release|Any CPU
		{A88CBBCF-2360-4B88-A801-5A89E6D2D09C}.Release|x86.Build.0 = Release|Any CPU
		{74694A55-5225-43DF-8601-3DCD2321ECF6}.Debug|Any CPU.ActiveCfg = Debug|Any CPU
		{74694A55-5225-43DF-8601-3DCD2321ECF6}.Debug|Any CPU.Build.0 = Debug|Any CPU
		{74694A55-5225-43DF-8601-3DCD2321ECF6}.Debug|x64.ActiveCfg = Debug|Any CPU
		{74694A55-5225-43DF-8601-3DCD2321ECF6}.Debug|x64.Build.0 = Debug|Any CPU
		{74694A55-5225-43DF-8601-3DCD2321ECF6}.Debug|x86.ActiveCfg = Debug|Any CPU
		{74694A55-5225-43DF-8601-3DCD2321ECF6}.Debug|x86.Build.0 = Debug|Any CPU
		{74694A55-5225-43DF-8601-3DCD2321ECF6}.Release|Any CPU.ActiveCfg = Release|Any CPU
		{74694A55-5225-43DF-8601-3DCD2321ECF6}.Release|Any CPU.Build.0 = Release|Any CPU
		{74694A55-5225-43DF-8601-3DCD2321ECF6}.Release|x64.ActiveCfg = Release|Any CPU
		{74694A55-5225-43DF-8601-3DCD2321ECF6}.Release|x64.Build.0 = Release|Any CPU
		{74694A55-5225-43DF-8601-3DCD2321ECF6}.Release|x86.ActiveCfg = Release|Any CPU
		{74694A55-5225-43DF-8601-3DCD2321ECF6}.Release|x86.Build.0 = Release|Any CPU
		{0CECAA5E-A09C-4E78-8FAD-9FE4DDA92ED2}.Debug|Any CPU.ActiveCfg = Debug|Any CPU
		{0CECAA5E-A09C-4E78-8FAD-9FE4DDA92ED2}.Debug|Any CPU.Build.0 = Debug|Any CPU
		{0CECAA5E-A09C-4E78-8FAD-9FE4DDA92ED2}.Debug|x64.ActiveCfg = Debug|Any CPU
		{0CECAA5E-A09C-4E78-8FAD-9FE4DDA92ED2}.Debug|x64.Build.0 = Debug|Any CPU
		{0CECAA5E-A09C-4E78-8FAD-9FE4DDA92ED2}.Debug|x86.ActiveCfg = Debug|Any CPU
		{0CECAA5E-A09C-4E78-8FAD-9FE4DDA92ED2}.Debug|x86.Build.0 = Debug|Any CPU
		{0CECAA5E-A09C-4E78-8FAD-9FE4DDA92ED2}.Release|Any CPU.ActiveCfg = Release|Any CPU
		{0CECAA5E-A09C-4E78-8FAD-9FE4DDA92ED2}.Release|Any CPU.Build.0 = Release|Any CPU
		{0CECAA5E-A09C-4E78-8FAD-9FE4DDA92ED2}.Release|x64.ActiveCfg = Release|Any CPU
		{0CECAA5E-A09C-4E78-8FAD-9FE4DDA92ED2}.Release|x64.Build.0 = Release|Any CPU
		{0CECAA5E-A09C-4E78-8FAD-9FE4DDA92ED2}.Release|x86.ActiveCfg = Release|Any CPU
		{0CECAA5E-A09C-4E78-8FAD-9FE4DDA92ED2}.Release|x86.Build.0 = Release|Any CPU
		{21BFC610-6F98-4783-A78B-E887B89E39FD}.Debug|Any CPU.ActiveCfg = Debug|Any CPU
		{21BFC610-6F98-4783-A78B-E887B89E39FD}.Debug|Any CPU.Build.0 = Debug|Any CPU
		{21BFC610-6F98-4783-A78B-E887B89E39FD}.Debug|x64.ActiveCfg = Debug|Any CPU
		{21BFC610-6F98-4783-A78B-E887B89E39FD}.Debug|x64.Build.0 = Debug|Any CPU
		{21BFC610-6F98-4783-A78B-E887B89E39FD}.Debug|x86.ActiveCfg = Debug|Any CPU
		{21BFC610-6F98-4783-A78B-E887B89E39FD}.Debug|x86.Build.0 = Debug|Any CPU
		{21BFC610-6F98-4783-A78B-E887B89E39FD}.Release|Any CPU.ActiveCfg = Release|Any CPU
		{21BFC610-6F98-4783-A78B-E887B89E39FD}.Release|Any CPU.Build.0 = Release|Any CPU
		{21BFC610-6F98-4783-A78B-E887B89E39FD}.Release|x64.ActiveCfg = Release|Any CPU
		{21BFC610-6F98-4783-A78B-E887B89E39FD}.Release|x64.Build.0 = Release|Any CPU
		{21BFC610-6F98-4783-A78B-E887B89E39FD}.Release|x86.ActiveCfg = Release|Any CPU
		{21BFC610-6F98-4783-A78B-E887B89E39FD}.Release|x86.Build.0 = Release|Any CPU
		{414FC9A8-4F79-4FC0-9166-D743EE88A9FE}.Debug|Any CPU.ActiveCfg = Debug|Any CPU
		{414FC9A8-4F79-4FC0-9166-D743EE88A9FE}.Debug|Any CPU.Build.0 = Debug|Any CPU
		{414FC9A8-4F79-4FC0-9166-D743EE88A9FE}.Debug|x64.ActiveCfg = Debug|Any CPU
		{414FC9A8-4F79-4FC0-9166-D743EE88A9FE}.Debug|x64.Build.0 = Debug|Any CPU
		{414FC9A8-4F79-4FC0-9166-D743EE88A9FE}.Debug|x86.ActiveCfg = Debug|Any CPU
		{414FC9A8-4F79-4FC0-9166-D743EE88A9FE}.Debug|x86.Build.0 = Debug|Any CPU
		{414FC9A8-4F79-4FC0-9166-D743EE88A9FE}.Release|Any CPU.ActiveCfg = Release|Any CPU
		{414FC9A8-4F79-4FC0-9166-D743EE88A9FE}.Release|Any CPU.Build.0 = Release|Any CPU
		{414FC9A8-4F79-4FC0-9166-D743EE88A9FE}.Release|x64.ActiveCfg = Release|Any CPU
		{414FC9A8-4F79-4FC0-9166-D743EE88A9FE}.Release|x64.Build.0 = Release|Any CPU
		{414FC9A8-4F79-4FC0-9166-D743EE88A9FE}.Release|x86.ActiveCfg = Release|Any CPU
		{414FC9A8-4F79-4FC0-9166-D743EE88A9FE}.Release|x86.Build.0 = Release|Any CPU
		{1DDDF174-208A-484D-937F-32734B1E7325}.Debug|Any CPU.ActiveCfg = Debug|Any CPU
		{1DDDF174-208A-484D-937F-32734B1E7325}.Debug|Any CPU.Build.0 = Debug|Any CPU
		{1DDDF174-208A-484D-937F-32734B1E7325}.Debug|x64.ActiveCfg = Debug|Any CPU
		{1DDDF174-208A-484D-937F-32734B1E7325}.Debug|x64.Build.0 = Debug|Any CPU
		{1DDDF174-208A-484D-937F-32734B1E7325}.Debug|x86.ActiveCfg = Debug|Any CPU
		{1DDDF174-208A-484D-937F-32734B1E7325}.Debug|x86.Build.0 = Debug|Any CPU
		{1DDDF174-208A-484D-937F-32734B1E7325}.Release|Any CPU.ActiveCfg = Release|Any CPU
		{1DDDF174-208A-484D-937F-32734B1E7325}.Release|Any CPU.Build.0 = Release|Any CPU
		{1DDDF174-208A-484D-937F-32734B1E7325}.Release|x64.ActiveCfg = Release|Any CPU
		{1DDDF174-208A-484D-937F-32734B1E7325}.Release|x64.Build.0 = Release|Any CPU
		{1DDDF174-208A-484D-937F-32734B1E7325}.Release|x86.ActiveCfg = Release|Any CPU
		{1DDDF174-208A-484D-937F-32734B1E7325}.Release|x86.Build.0 = Release|Any CPU
		{344C59D3-D5FC-464A-9583-961B181EBAA2}.Debug|Any CPU.ActiveCfg = Debug|Any CPU
		{344C59D3-D5FC-464A-9583-961B181EBAA2}.Debug|Any CPU.Build.0 = Debug|Any CPU
		{344C59D3-D5FC-464A-9583-961B181EBAA2}.Debug|x64.ActiveCfg = Debug|Any CPU
		{344C59D3-D5FC-464A-9583-961B181EBAA2}.Debug|x64.Build.0 = Debug|Any CPU
		{344C59D3-D5FC-464A-9583-961B181EBAA2}.Debug|x86.ActiveCfg = Debug|Any CPU
		{344C59D3-D5FC-464A-9583-961B181EBAA2}.Debug|x86.Build.0 = Debug|Any CPU
		{344C59D3-D5FC-464A-9583-961B181EBAA2}.Release|Any CPU.ActiveCfg = Release|Any CPU
		{344C59D3-D5FC-464A-9583-961B181EBAA2}.Release|Any CPU.Build.0 = Release|Any CPU
		{344C59D3-D5FC-464A-9583-961B181EBAA2}.Release|x64.ActiveCfg = Release|Any CPU
		{344C59D3-D5FC-464A-9583-961B181EBAA2}.Release|x64.Build.0 = Release|Any CPU
		{344C59D3-D5FC-464A-9583-961B181EBAA2}.Release|x86.ActiveCfg = Release|Any CPU
		{344C59D3-D5FC-464A-9583-961B181EBAA2}.Release|x86.Build.0 = Release|Any CPU
		{05B031D9-64CE-4FB5-8303-ED1793A99F10}.Debug|Any CPU.ActiveCfg = Debug|Any CPU
		{05B031D9-64CE-4FB5-8303-ED1793A99F10}.Debug|Any CPU.Build.0 = Debug|Any CPU
		{05B031D9-64CE-4FB5-8303-ED1793A99F10}.Debug|x64.ActiveCfg = Debug|Any CPU
		{05B031D9-64CE-4FB5-8303-ED1793A99F10}.Debug|x64.Build.0 = Debug|Any CPU
		{05B031D9-64CE-4FB5-8303-ED1793A99F10}.Debug|x86.ActiveCfg = Debug|Any CPU
		{05B031D9-64CE-4FB5-8303-ED1793A99F10}.Debug|x86.Build.0 = Debug|Any CPU
		{05B031D9-64CE-4FB5-8303-ED1793A99F10}.Release|Any CPU.ActiveCfg = Release|Any CPU
		{05B031D9-64CE-4FB5-8303-ED1793A99F10}.Release|Any CPU.Build.0 = Release|Any CPU
		{05B031D9-64CE-4FB5-8303-ED1793A99F10}.Release|x64.ActiveCfg = Release|Any CPU
		{05B031D9-64CE-4FB5-8303-ED1793A99F10}.Release|x64.Build.0 = Release|Any CPU
		{05B031D9-64CE-4FB5-8303-ED1793A99F10}.Release|x86.ActiveCfg = Release|Any CPU
		{05B031D9-64CE-4FB5-8303-ED1793A99F10}.Release|x86.Build.0 = Release|Any CPU
		{4530065D-E53C-41F4-86DF-529090AF05DE}.Debug|Any CPU.ActiveCfg = Debug|Any CPU
		{4530065D-E53C-41F4-86DF-529090AF05DE}.Debug|Any CPU.Build.0 = Debug|Any CPU
		{4530065D-E53C-41F4-86DF-529090AF05DE}.Debug|x64.ActiveCfg = Debug|Any CPU
		{4530065D-E53C-41F4-86DF-529090AF05DE}.Debug|x64.Build.0 = Debug|Any CPU
		{4530065D-E53C-41F4-86DF-529090AF05DE}.Debug|x86.ActiveCfg = Debug|Any CPU
		{4530065D-E53C-41F4-86DF-529090AF05DE}.Debug|x86.Build.0 = Debug|Any CPU
		{4530065D-E53C-41F4-86DF-529090AF05DE}.Release|Any CPU.ActiveCfg = Release|Any CPU
		{4530065D-E53C-41F4-86DF-529090AF05DE}.Release|Any CPU.Build.0 = Release|Any CPU
		{4530065D-E53C-41F4-86DF-529090AF05DE}.Release|x64.ActiveCfg = Release|Any CPU
		{4530065D-E53C-41F4-86DF-529090AF05DE}.Release|x64.Build.0 = Release|Any CPU
		{4530065D-E53C-41F4-86DF-529090AF05DE}.Release|x86.ActiveCfg = Release|Any CPU
		{4530065D-E53C-41F4-86DF-529090AF05DE}.Release|x86.Build.0 = Release|Any CPU
	EndGlobalSection
	GlobalSection(SolutionProperties) = preSolution
		HideSolutionNode = FALSE
	EndGlobalSection
	GlobalSection(NestedProjects) = preSolution
		{C56165B1-95E4-40BC-824E-8746738A6E2B} = {6AFBF6D8-D4D7-4A97-9866-CCF4219CEB21}
		{8E7EF35B-C179-4F0C-9176-1BFC1E3498EC} = {C56165B1-95E4-40BC-824E-8746738A6E2B}
		{9C3B326B-C630-4B5C-B124-46588E4DEF6D} = {8E7EF35B-C179-4F0C-9176-1BFC1E3498EC}
		{37C9793F-2E7D-417B-8F47-86943E3B66CF} = {8E7EF35B-C179-4F0C-9176-1BFC1E3498EC}
		{341D5804-7513-4B82-A539-BA36D709865B} = {C56165B1-95E4-40BC-824E-8746738A6E2B}
		{A402B636-56BD-483A-B201-AF08DD1F480C} = {341D5804-7513-4B82-A539-BA36D709865B}
		{DAFD78A0-3ED7-4169-9AEB-4FFEC102BC02} = {341D5804-7513-4B82-A539-BA36D709865B}
		{BCDA7951-3974-4F01-ABA7-88AA73D03E31} = {C56165B1-95E4-40BC-824E-8746738A6E2B}
		{140AEFDA-5DEC-4AF6-9FBE-E1DFAB53EB0D} = {BCDA7951-3974-4F01-ABA7-88AA73D03E31}
		{7B23C596-5AAA-4B87-AE85-F5A63C56A4C0} = {BCDA7951-3974-4F01-ABA7-88AA73D03E31}
		{525F4194-92D2-42D7-B84C-AAD45307DDAF} = {6AFBF6D8-D4D7-4A97-9866-CCF4219CEB21}
		{FB3A0880-CBA5-430B-9791-AB3ABA04169D} = {525F4194-92D2-42D7-B84C-AAD45307DDAF}
		{7CA6335B-00FC-464E-ACA0-3825F2323CF3} = {FB3A0880-CBA5-430B-9791-AB3ABA04169D}
		{64399A94-8430-499F-8D25-3FD8420C716D} = {FB3A0880-CBA5-430B-9791-AB3ABA04169D}
		{964F5AEF-C0BD-47D4-8730-7E77FE8580CE} = {843C4A32-6639-4783-9AA2-4CEDA61642DA}
		{42630596-7D98-4419-ADCD-FA7D5CE24822} = {6AFBF6D8-D4D7-4A97-9866-CCF4219CEB21}
		{139F5B3F-2E2B-42FA-A506-36D958CD9DA6} = {42630596-7D98-4419-ADCD-FA7D5CE24822}
		{B71621AC-7428-457F-80F3-55849065273F} = {42630596-7D98-4419-ADCD-FA7D5CE24822}
		{C3CC30C1-9197-44A7-95DE-5B19E6441842} = {6AFBF6D8-D4D7-4A97-9866-CCF4219CEB21}
		{903BEB7D-6E5F-4E7B-B5F4-5D329DC716FA} = {6AFBF6D8-D4D7-4A97-9866-CCF4219CEB21}
		{AFFE034E-2F66-4DFA-B79E-27D95054E06C} = {BCDA7951-3974-4F01-ABA7-88AA73D03E31}
		{2CCF2911-88BB-4805-8F8A-A81118619DF4} = {6AFBF6D8-D4D7-4A97-9866-CCF4219CEB21}
		{F89D110E-8159-4E40-B71B-15E14C6A630F} = {8E7EF35B-C179-4F0C-9176-1BFC1E3498EC}
		{385D0BCF-E0D5-4602-9AE7-F2C3E0E5433B} = {C56165B1-95E4-40BC-824E-8746738A6E2B}
		{124856D5-9E3D-4805-B163-440F07FFB801} = {385D0BCF-E0D5-4602-9AE7-F2C3E0E5433B}
		{855103A8-E228-4C69-AE52-2C26B52966A2} = {C56165B1-95E4-40BC-824E-8746738A6E2B}
		{20F36ACD-E863-4CEA-B17A-72B08CD17BFB} = {855103A8-E228-4C69-AE52-2C26B52966A2}
		{0DA427EB-993F-473E-88DD-3B2A64FCE189} = {6AFBF6D8-D4D7-4A97-9866-CCF4219CEB21}
		{98D8A2D6-1FE2-484B-BE32-FFEAF5C0B722} = {0DA427EB-993F-473E-88DD-3B2A64FCE189}
		{1DA95364-EF64-44DB-BE43-D84977228ADF} = {98D8A2D6-1FE2-484B-BE32-FFEAF5C0B722}
		{9748A745-0A02-47E0-A394-18278B2678AF} = {98D8A2D6-1FE2-484B-BE32-FFEAF5C0B722}
		{A23D1B08-C078-4A47-B25E-14735E2ED3F5} = {98D8A2D6-1FE2-484B-BE32-FFEAF5C0B722}
		{F5D94E66-1A24-4B1F-8ADB-AB227C84AA34} = {385D0BCF-E0D5-4602-9AE7-F2C3E0E5433B}
		{886502D0-CDE7-48B9-935A-B1B0E70A1EB4} = {855103A8-E228-4C69-AE52-2C26B52966A2}
		{385F61A9-F857-49F9-B8FA-BFA271EC0D11} = {8E7EF35B-C179-4F0C-9176-1BFC1E3498EC}
		{70D40593-EF3A-4518-BA75-22D7FD762FE3} = {8E7EF35B-C179-4F0C-9176-1BFC1E3498EC}
		{25297182-67CE-4DDB-99FF-3E210050A2C2} = {8E7EF35B-C179-4F0C-9176-1BFC1E3498EC}
		{BA4A7C01-5632-4755-ACFC-083C7FF16F9D} = {385D0BCF-E0D5-4602-9AE7-F2C3E0E5433B}
		{18C0D057-15D9-4381-9A74-A78559F76C04} = {385D0BCF-E0D5-4602-9AE7-F2C3E0E5433B}
		{A88CBBCF-2360-4B88-A801-5A89E6D2D09C} = {855103A8-E228-4C69-AE52-2C26B52966A2}
		{74694A55-5225-43DF-8601-3DCD2321ECF6} = {855103A8-E228-4C69-AE52-2C26B52966A2}
		{0CECAA5E-A09C-4E78-8FAD-9FE4DDA92ED2} = {BCDA7951-3974-4F01-ABA7-88AA73D03E31}
		{21BFC610-6F98-4783-A78B-E887B89E39FD} = {BCDA7951-3974-4F01-ABA7-88AA73D03E31}
		{414FC9A8-4F79-4FC0-9166-D743EE88A9FE} = {341D5804-7513-4B82-A539-BA36D709865B}
		{1DDDF174-208A-484D-937F-32734B1E7325} = {6AFBF6D8-D4D7-4A97-9866-CCF4219CEB21}
		{344C59D3-D5FC-464A-9583-961B181EBAA2} = {FB3A0880-CBA5-430B-9791-AB3ABA04169D}
		{05B031D9-64CE-4FB5-8303-ED1793A99F10} = {FB3A0880-CBA5-430B-9791-AB3ABA04169D}
		{918A94E5-5CD6-EAF4-EEB1-663B13A60B12} = {FB3A0880-CBA5-430B-9791-AB3ABA04169D}
		{4530065D-E53C-41F4-86DF-529090AF05DE} = {525F4194-92D2-42D7-B84C-AAD45307DDAF}
	EndGlobalSection
EndGlobal
