
Microsoft Visual Studio Solution File, Format Version 12.00
Project("{2150E333-8FDC-42A3-9474-1A3956D46DE8}") = "src", "src", "{6AFBF6D8-D4D7-4A97-9866-CCF4219CEB21}"
EndProject
Project("{2150E333-8FDC-42A3-9474-1A3956D46DE8}") = "Lambda", "Lambda", "{C56165B1-95E4-40BC-824E-8746738A6E2B}"
EndProject
Project("{2150E333-8FDC-42A3-9474-1A3956D46DE8}") = "Function", "Function", "{8E7EF35B-C179-4F0C-9176-1BFC1E3498EC}"
EndProject
Project("{FAE04EC0-301F-11D3-BF4B-00C04F79EFBC}") = "Hardened.Amz.Function.Lambda.Runtime", "src\Lambda\Function\Hardened.Amz.Function.Lambda.Runtime\Hardened.Amz.Function.Lambda.Runtime.csproj", "{9C3B326B-C630-4B5C-B124-46588E4DEF6D}"
EndProject
Project("{FAE04EC0-301F-11D3-BF4B-00C04F79EFBC}") = "Hardened.Amz.Function.Lambda.Testing", "src\Lambda\Function\Hardened.Amz.Function.Lambda.Testing\Hardened.Amz.Function.Lambda.Testing.csproj", "{37C9793F-2E7D-417B-8F47-86943E3B66CF}"
EndProject
Project("{2150E333-8FDC-42A3-9474-1A3956D46DE8}") = "Shared", "Shared", "{341D5804-7513-4B82-A539-BA36D709865B}"
EndProject
Project("{FAE04EC0-301F-11D3-BF4B-00C04F79EFBC}") = "Hardened.Amz.Shared.Lambda.Runtime", "src\Lambda\Shared\Hardened.Amz.Shared.Lambda.Runtime\Hardened.Amz.Shared.Lambda.Runtime.csproj", "{A402B636-56BD-483A-B201-AF08DD1F480C}"
EndProject
Project("{FAE04EC0-301F-11D3-BF4B-00C04F79EFBC}") = "Hardened.Amz.Shared.Lambda.Testing", "src\Lambda\Shared\Hardened.Amz.Shared.Lambda.Testing\Hardened.Amz.Shared.Lambda.Testing.csproj", "{DAFD78A0-3ED7-4169-9AEB-4FFEC102BC02}"
EndProject
Project("{2150E333-8FDC-42A3-9474-1A3956D46DE8}") = "Web", "Web", "{BCDA7951-3974-4F01-ABA7-88AA73D03E31}"
EndProject
Project("{FAE04EC0-301F-11D3-BF4B-00C04F79EFBC}") = "Hardened.Amz.Web.Lambda.Harness", "src\Lambda\Web\Hardened.Amz.Web.Lambda.Harness\Hardened.Amz.Web.Lambda.Harness.csproj", "{140AEFDA-5DEC-4AF6-9FBE-E1DFAB53EB0D}"
EndProject
Project("{FAE04EC0-301F-11D3-BF4B-00C04F79EFBC}") = "Hardened.Amz.Web.Lambda.Runtime", "src\Lambda\Web\Hardened.Amz.Web.Lambda.Runtime\Hardened.Amz.Web.Lambda.Runtime.csproj", "{7B23C596-5AAA-4B87-AE85-F5A63C56A4C0}"
EndProject
Project("{2150E333-8FDC-42A3-9474-1A3956D46DE8}") = "SourceGenerators", "SourceGenerators", "{525F4194-92D2-42D7-B84C-AAD45307DDAF}"
EndProject
Project("{2150E333-8FDC-42A3-9474-1A3956D46DE8}") = "Lambda", "Lambda", "{FB3A0880-CBA5-430B-9791-AB3ABA04169D}"
EndProject
Project("{FAE04EC0-301F-11D3-BF4B-00C04F79EFBC}") = "Hardened.Amz.Function.Lambda.SourceGenerator", "src\SourceGenerators\Lambda\Function\Hardened.Amz.Function.Lambda.SourceGenerator.csproj", "{7CA6335B-00FC-464E-ACA0-3825F2323CF3}"
EndProject
Project("{FAE04EC0-301F-11D3-BF4B-00C04F79EFBC}") = "Hardened.Amz.Web.Lambda.SourceGenerator", "src\SourceGenerators\Lambda\Web\Hardened.Amz.Web.Lambda.SourceGenerator.csproj", "{64399A94-8430-499F-8D25-3FD8420C716D}"
EndProject
Project("{2150E333-8FDC-42A3-9474-1A3956D46DE8}") = "Sqs", "Sqs", "{66A54B1F-071F-4FCF-8259-7F1056842C3C}"
EndProject
Project("{FAE04EC0-301F-11D3-BF4B-00C04F79EFBC}") = "Hardened.Amz.Function.Sqs.Runtime", "src\Lambda\Sqs\Hardened.Amz.Function.Sqs.Runtime\Hardened.Amz.Function.Sqs.Runtime.csproj", "{32F7964B-536A-4888-B562-4617A6648426}"
EndProject
Project("{FAE04EC0-301F-11D3-BF4B-00C04F79EFBC}") = "Hardened.Amz.Function.Sqs.Testing", "src\Lambda\Sqs\Hardened.Amz.Function.Sqs.Testing\Hardened.Amz.Function.Sqs.Testing.csproj", "{61128280-36A3-494B-B819-6B438AA64492}"
EndProject
Global
	GlobalSection(SolutionConfigurationPlatforms) = preSolution
		Debug|Any CPU = Debug|Any CPU
		Release|Any CPU = Release|Any CPU
	EndGlobalSection
	GlobalSection(NestedProjects) = preSolution
		{C56165B1-95E4-40BC-824E-8746738A6E2B} = {6AFBF6D8-D4D7-4A97-9866-CCF4219CEB21}
		{8E7EF35B-C179-4F0C-9176-1BFC1E3498EC} = {C56165B1-95E4-40BC-824E-8746738A6E2B}
		{9C3B326B-C630-4B5C-B124-46588E4DEF6D} = {8E7EF35B-C179-4F0C-9176-1BFC1E3498EC}
		{37C9793F-2E7D-417B-8F47-86943E3B66CF} = {8E7EF35B-C179-4F0C-9176-1BFC1E3498EC}
		{341D5804-7513-4B82-A539-BA36D709865B} = {C56165B1-95E4-40BC-824E-8746738A6E2B}
		{A402B636-56BD-483A-B201-AF08DD1F480C} = {341D5804-7513-4B82-A539-BA36D709865B}
		{DAFD78A0-3ED7-4169-9AEB-4FFEC102BC02} = {341D5804-7513-4B82-A539-BA36D709865B}
		{BCDA7951-3974-4F01-ABA7-88AA73D03E31} = {C56165B1-95E4-40BC-824E-8746738A6E2B}
		{140AEFDA-5DEC-4AF6-9FBE-E1DFAB53EB0D} = {BCDA7951-3974-4F01-ABA7-88AA73D03E31}
		{7B23C596-5AAA-4B87-AE85-F5A63C56A4C0} = {BCDA7951-3974-4F01-ABA7-88AA73D03E31}
		{525F4194-92D2-42D7-B84C-AAD45307DDAF} = {6AFBF6D8-D4D7-4A97-9866-CCF4219CEB21}
		{FB3A0880-CBA5-430B-9791-AB3ABA04169D} = {525F4194-92D2-42D7-B84C-AAD45307DDAF}
		{7CA6335B-00FC-464E-ACA0-3825F2323CF3} = {FB3A0880-CBA5-430B-9791-AB3ABA04169D}
		{64399A94-8430-499F-8D25-3FD8420C716D} = {FB3A0880-CBA5-430B-9791-AB3ABA04169D}
		{66A54B1F-071F-4FCF-8259-7F1056842C3C} = {C56165B1-95E4-40BC-824E-8746738A6E2B}
		{32F7964B-536A-4888-B562-4617A6648426} = {66A54B1F-071F-4FCF-8259-7F1056842C3C}
		{61128280-36A3-494B-B819-6B438AA64492} = {66A54B1F-071F-4FCF-8259-7F1056842C3C}
	EndGlobalSection
	GlobalSection(ProjectConfigurationPlatforms) = postSolution
		{9C3B326B-C630-4B5C-B124-46588E4DEF6D}.Debug|Any CPU.ActiveCfg = Debug|Any CPU
		{9C3B326B-C630-4B5C-B124-46588E4DEF6D}.Debug|Any CPU.Build.0 = Debug|Any CPU
		{9C3B326B-C630-4B5C-B124-46588E4DEF6D}.Release|Any CPU.ActiveCfg = Release|Any CPU
		{9C3B326B-C630-4B5C-B124-46588E4DEF6D}.Release|Any CPU.Build.0 = Release|Any CPU
		{37C9793F-2E7D-417B-8F47-86943E3B66CF}.Debug|Any CPU.ActiveCfg = Debug|Any CPU
		{37C9793F-2E7D-417B-8F47-86943E3B66CF}.Debug|Any CPU.Build.0 = Debug|Any CPU
		{37C9793F-2E7D-417B-8F47-86943E3B66CF}.Release|Any CPU.ActiveCfg = Release|Any CPU
		{37C9793F-2E7D-417B-8F47-86943E3B66CF}.Release|Any CPU.Build.0 = Release|Any CPU
		{A402B636-56BD-483A-B201-AF08DD1F480C}.Debug|Any CPU.ActiveCfg = Debug|Any CPU
		{A402B636-56BD-483A-B201-AF08DD1F480C}.Debug|Any CPU.Build.0 = Debug|Any CPU
		{A402B636-56BD-483A-B201-AF08DD1F480C}.Release|Any CPU.ActiveCfg = Release|Any CPU
		{A402B636-56BD-483A-B201-AF08DD1F480C}.Release|Any CPU.Build.0 = Release|Any CPU
		{DAFD78A0-3ED7-4169-9AEB-4FFEC102BC02}.Debug|Any CPU.ActiveCfg = Debug|Any CPU
		{DAFD78A0-3ED7-4169-9AEB-4FFEC102BC02}.Debug|Any CPU.Build.0 = Debug|Any CPU
		{DAFD78A0-3ED7-4169-9AEB-4FFEC102BC02}.Release|Any CPU.ActiveCfg = Release|Any CPU
		{DAFD78A0-3ED7-4169-9AEB-4FFEC102BC02}.Release|Any CPU.Build.0 = Release|Any CPU
		{140AEFDA-5DEC-4AF6-9FBE-E1DFAB53EB0D}.Debug|Any CPU.ActiveCfg = Debug|Any CPU
		{140AEFDA-5DEC-4AF6-9FBE-E1DFAB53EB0D}.Debug|Any CPU.Build.0 = Debug|Any CPU
		{140AEFDA-5DEC-4AF6-9FBE-E1DFAB53EB0D}.Release|Any CPU.ActiveCfg = Release|Any CPU
		{140AEFDA-5DEC-4AF6-9FBE-E1DFAB53EB0D}.Release|Any CPU.Build.0 = Release|Any CPU
		{7B23C596-5AAA-4B87-AE85-F5A63C56A4C0}.Debug|Any CPU.ActiveCfg = Debug|Any CPU
		{7B23C596-5AAA-4B87-AE85-F5A63C56A4C0}.Debug|Any CPU.Build.0 = Debug|Any CPU
		{7B23C596-5AAA-4B87-AE85-F5A63C56A4C0}.Release|Any CPU.ActiveCfg = Release|Any CPU
		{7B23C596-5AAA-4B87-AE85-F5A63C56A4C0}.Release|Any CPU.Build.0 = Release|Any CPU
		{7CA6335B-00FC-464E-ACA0-3825F2323CF3}.Debug|Any CPU.ActiveCfg = Debug|Any CPU
		{7CA6335B-00FC-464E-ACA0-3825F2323CF3}.Debug|Any CPU.Build.0 = Debug|Any CPU
		{7CA6335B-00FC-464E-ACA0-3825F2323CF3}.Release|Any CPU.ActiveCfg = Release|Any CPU
		{7CA6335B-00FC-464E-ACA0-3825F2323CF3}.Release|Any CPU.Build.0 = Release|Any CPU
		{64399A94-8430-499F-8D25-3FD8420C716D}.Debug|Any CPU.ActiveCfg = Debug|Any CPU
		{64399A94-8430-499F-8D25-3FD8420C716D}.Debug|Any CPU.Build.0 = Debug|Any CPU
		{64399A94-8430-499F-8D25-3FD8420C716D}.Release|Any CPU.ActiveCfg = Release|Any CPU
		{64399A94-8430-499F-8D25-3FD8420C716D}.Release|Any CPU.Build.0 = Release|Any CPU
		{32F7964B-536A-4888-B562-4617A6648426}.Debug|Any CPU.ActiveCfg = Debug|Any CPU
		{32F7964B-536A-4888-B562-4617A6648426}.Debug|Any CPU.Build.0 = Debug|Any CPU
		{32F7964B-536A-4888-B562-4617A6648426}.Release|Any CPU.ActiveCfg = Release|Any CPU
		{32F7964B-536A-4888-B562-4617A6648426}.Release|Any CPU.Build.0 = Release|Any CPU
		{61128280-36A3-494B-B819-6B438AA64492}.Debug|Any CPU.ActiveCfg = Debug|Any CPU
		{61128280-36A3-494B-B819-6B438AA64492}.Debug|Any CPU.Build.0 = Debug|Any CPU
		{61128280-36A3-494B-B819-6B438AA64492}.Release|Any CPU.ActiveCfg = Release|Any CPU
		{61128280-36A3-494B-B819-6B438AA64492}.Release|Any CPU.Build.0 = Release|Any CPU
	EndGlobalSection
EndGlobal
