
Microsoft Visual Studio Solution File, Format Version 12.00
# 
Project("{2150E333-8FDC-42A3-9474-1A3956D46DE8}") = "src", "src", "{6AFBF6D8-D4D7-4A97-9866-CCF4219CEB21}"
EndProject
Project("{2150E333-8FDC-42A3-9474-1A3956D46DE8}") = "Lambda", "Lambda", "{C56165B1-95E4-40BC-824E-8746738A6E2B}"
EndProject
Project("{2150E333-8FDC-42A3-9474-1A3956D46DE8}") = "Function", "Function", "{8E7EF35B-C179-4F0C-9176-1BFC1E3498EC}"
EndProject
Project("{FAE04EC0-301F-11D3-BF4B-00C04F79EFBC}") = "Hardened.Amz.Function.Lambda.Runtime", "src\Lambda\Function\Hardened.Amz.Function.Lambda.Runtime\Hardened.Amz.Function.Lambda.Runtime.csproj", "{9C3B326B-C630-4B5C-B124-46588E4DEF6D}"
EndProject
Project("{FAE04EC0-301F-11D3-BF4B-00C04F79EFBC}") = "Hardened.Amz.Function.Lambda.Testing", "src\Lambda\Function\Hardened.Amz.Function.Lambda.Testing\Hardened.Amz.Function.Lambda.Testing.csproj", "{37C9793F-2E7D-417B-8F47-86943E3B66CF}"
EndProject
Project("{2150E333-8FDC-42A3-9474-1A3956D46DE8}") = "Shared", "Shared", "{341D5804-7513-4B82-A539-BA36D709865B}"
EndProject
Project("{FAE04EC0-301F-11D3-BF4B-00C04F79EFBC}") = "Hardened.Amz.Shared.Lambda.Runtime", "src\Lambda\Shared\Hardened.Amz.Shared.Lambda.Runtime\Hardened.Amz.Shared.Lambda.Runtime.csproj", "{A402B636-56BD-483A-B201-AF08DD1F480C}"
EndProject
Project("{FAE04EC0-301F-11D3-BF4B-00C04F79EFBC}") = "Hardened.Amz.Shared.Lambda.Testing", "src\Lambda\Shared\Hardened.Amz.Shared.Lambda.Testing\Hardened.Amz.Shared.Lambda.Testing.csproj", "{DAFD78A0-3ED7-4169-9AEB-4FFEC102BC02}"
EndProject
Project("{2150E333-8FDC-42A3-9474-1A3956D46DE8}") = "Web", "Web", "{BCDA7951-3974-4F01-ABA7-88AA73D03E31}"
EndProject
Project("{FAE04EC0-301F-11D3-BF4B-00C04F79EFBC}") = "Hardened.Amz.Web.Lambda.Harness", "src\Lambda\Web\Hardened.Amz.Web.Lambda.Harness\Hardened.Amz.Web.Lambda.Harness.csproj", "{140AEFDA-5DEC-4AF6-9FBE-E1DFAB53EB0D}"
EndProject
Project("{FAE04EC0-301F-11D3-BF4B-00C04F79EFBC}") = "Hardened.Amz.Web.Lambda.Runtime", "src\Lambda\Web\Hardened.Amz.Web.Lambda.Runtime\Hardened.Amz.Web.Lambda.Runtime.csproj", "{7B23C596-5AAA-4B87-AE85-F5A63C56A4C0}"
EndProject
Project("{2150E333-8FDC-42A3-9474-1A3956D46DE8}") = "SourceGenerators", "SourceGenerators", "{525F4194-92D2-42D7-B84C-AAD45307DDAF}"
EndProject
Project("{2150E333-8FDC-42A3-9474-1A3956D46DE8}") = "Lambda", "Lambda", "{FB3A0880-CBA5-430B-9791-AB3ABA04169D}"
EndProject
Project("{FAE04EC0-301F-11D3-BF4B-00C04F79EFBC}") = "Hardened.Amz.Function.Lambda.SourceGenerator", "src\SourceGenerators\Lambda\Function\Hardened.Amz.Function.Lambda.SourceGenerator.csproj", "{7CA6335B-00FC-464E-ACA0-3825F2323CF3}"
EndProject
Project("{FAE04EC0-301F-11D3-BF4B-00C04F79EFBC}") = "Hardened.Amz.Web.Lambda.SourceGenerator", "src\SourceGenerators\Lambda\Web\Hardened.Amz.Web.Lambda.SourceGenerator.csproj", "{64399A94-8430-499F-8D25-3FD8420C716D}"
EndProject
Project("{2150E333-8FDC-42A3-9474-1A3956D46DE8}") = "Sqs", "Sqs", "{66A54B1F-071F-4FCF-8259-7F1056842C3C}"
EndProject
Project("{FAE04EC0-301F-11D3-BF4B-00C04F79EFBC}") = "Hardened.Amz.Function.Sqs.Runtime", "src\Lambda\Sqs\Hardened.Amz.Function.Sqs.Runtime\Hardened.Amz.Function.Sqs.Runtime.csproj", "{32F7964B-536A-4888-B562-4617A6648426}"
EndProject
Project("{FAE04EC0-301F-11D3-BF4B-00C04F79EFBC}") = "Hardened.Amz.Function.Sqs.Testing", "src\Lambda\Sqs\Hardened.Amz.Function.Sqs.Testing\Hardened.Amz.Function.Sqs.Testing.csproj", "{61128280-36A3-494B-B819-6B438AA64492}"
EndProject
Project("{2150E333-8FDC-42A3-9474-1A3956D46DE8}") = ".github", ".github", "{843C4A32-6639-4783-9AA2-4CEDA61642DA}"
EndProject
Project("{2150E333-8FDC-42A3-9474-1A3956D46DE8}") = "workflows", "workflows", "{964F5AEF-C0BD-47D4-8730-7E77FE8580CE}"
	ProjectSection(SolutionItems) = preProject
		.github\workflows\build-package.yaml = .github\workflows\build-package.yaml
	EndProjectSection
EndProject
Project("{2150E333-8FDC-42A3-9474-1A3956D46DE8}") = "IntegTests", "IntegTests", "{42630596-7D98-4419-ADCD-FA7D5CE24822}"
EndProject
Project("{FAE04EC0-301F-11D3-BF4B-00C04F79EFBC}") = "LambdaWebTest", "src\LambdaWebTest\LambdaWebTest.csproj", "{139F5B3F-2E2B-42FA-A506-36D958CD9DA6}"
EndProject
Project("{FAE04EC0-301F-11D3-BF4B-00C04F79EFBC}") = "LambdaWebTest.Harness", "src\LambdaWebTest.Harness\LambdaWebTest.Harness.csproj", "{B71621AC-7428-457F-80F3-55849065273F}"
EndProject
Project("{FAE04EC0-301F-11D3-BF4B-00C04F79EFBC}") = "SqsTest", "src\SqsTest\SqsTest.csproj", "{5318C299-CDDB-4B00-9413-B9CB6178ADB3}"
EndProject
Project("{FAE04EC0-301F-11D3-BF4B-00C04F79EFBC}") = "SqsTest.Tests", "src\SqsTest.Tests\SqsTest.Tests.csproj", "{544DE5CB-8ED1-4BAD-9D0D-B80E5215C89B}"
EndProject
Project("{2150E333-8FDC-42A3-9474-1A3956D46DE8}") = "DynamoDbStream", "DynamoDbStream", "{02ACF125-0E19-4C0C-8D03-CF6B419A0027}"
EndProject
Project("{FAE04EC0-301F-11D3-BF4B-00C04F79EFBC}") = "Hardened.Amz.Function.DDB.Runtime", "src\Lambda\DynamoDbStream\Hardened.Amz.Function.DDB.Runtime\Hardened.Amz.Function.DDB.Runtime.csproj", "{7ED2E88B-306B-4989-8BF6-DC580845D647}"
EndProject
Project("{FAE04EC0-301F-11D3-BF4B-00C04F79EFBC}") = "Hardened.Amz.Function.DDB.Testing", "src\Lambda\DynamoDbStream\Hardened.Amz.Function.DDB.Testing\Hardened.Amz.Function.DDB.Testing.csproj", "{2A020C89-FBE5-41BE-A245-8254BC58E5FA}"
EndProject
Project("{FAE04EC0-301F-11D3-BF4B-00C04F79EFBC}") = "DynamoDbStreamApp", "src\IntegTests\DynamoDbStreamApp\DynamoDbStreamApp.csproj", "{5001D28D-2C92-4C73-B93E-077640E33C18}"
EndProject
Project("{FAE04EC0-301F-11D3-BF4B-00C04F79EFBC}") = "DynamoDbStreamApp.Tests", "src\IntegTests\DynamoDbStreamApp.Tests\DynamoDbStreamApp.Tests.csproj", "{E4DC65C3-AC3B-4D16-8AB9-6098065F22DB}"
EndProject
Project("{FAE04EC0-301F-11D3-BF4B-00C04F79EFBC}") = "Hardened.Amz.Cdk", "src\Hardened.Amz.Cdk\Hardened.Amz.Cdk.csproj", "{C3CC30C1-9197-44A7-95DE-5B19E6441842}"
EndProject
Project("{FAE04EC0-301F-11D3-BF4B-00C04F79EFBC}") = "Hardened.Amz.Shared.Lambda.Runtime.Tests", "src\Hardened.Amz.Shared.Lambda.Runtime.Tests\Hardened.Amz.Shared.Lambda.Runtime.Tests.csproj", "{903BEB7D-6E5F-4E7B-B5F4-5D329DC716FA}"
EndProject
Project("{2150E333-8FDC-42A3-9474-1A3956D46DE8}") = "Clients", "Clients", "{0313AE3A-69DC-4607-91DB-A8CBF30E066A}"
EndProject
Project("{2150E333-8FDC-42A3-9474-1A3956D46DE8}") = "DynamoDb", "DynamoDb", "{69AD2602-3AFD-4A01-BF2B-A7428F4AF3D8}"
EndProject
Project("{FAE04EC0-301F-11D3-BF4B-00C04F79EFBC}") = "Hardened.Amz.DynamoDbClient", "src\Clients\DynamoDb\Hardened.Amz.DynamoDbClient\Hardened.Amz.DynamoDbClient.csproj", "{8607613B-29C0-4F86-986A-CCE23BFA79F3}"
EndProject
Project("{FAE04EC0-301F-11D3-BF4B-00C04F79EFBC}") = "Hardened.Amz.DynamoDbClient.Testing", "src\Clients\DynamoDb\Hardened.Amz.DynamoDbClient.Testing\Hardened.Amz.DynamoDbClient.Testing.csproj", "{98CB5F95-A667-41DF-81BB-BEE1D3713C85}"
EndProject
Project("{FAE04EC0-301F-11D3-BF4B-00C04F79EFBC}") = "Hardened.Amz.Web.Lambda.Streaming", "src\Lambda\Web\Hardened.Amz.Web.Lambda.Streaming\Hardened.Amz.Web.Lambda.Streaming.csproj", "{AFFE034E-2F66-4DFA-B79E-27D95054E06C}"
EndProject
Project("{FAE04EC0-301F-11D3-BF4B-00C04F79EFBC}") = "Hardened.Amz.Web.Lambda.Streaming.Tests", "src\Hardened.Amz.Web.Lambda.Streaming.Tests\Hardened.Amz.Web.Lambda.Streaming.Tests.csproj", "{2CCF2911-88BB-4805-8F8A-A81118619DF4}"
EndProject
Project("{FAE04EC0-301F-11D3-BF4B-00C04F79EFBC}") = "Hardened.Amz.Function.Lambda.Streaming", "src\Lambda\Function\Hardened.Amz.Function.Lambda.Streaming\Hardened.Amz.Function.Lambda.Streaming.csproj", "{F89D110E-8159-4E40-B71B-15E14C6A630F}"
EndProject
Global
	GlobalSection(SolutionConfigurationPlatforms) = preSolution
		Debug|Any CPU = Debug|Any CPU
		Release|Any CPU = Release|Any CPU
	EndGlobalSection
	GlobalSection(NestedProjects) = preSolution
		{C56165B1-95E4-40BC-824E-8746738A6E2B} = {6AFBF6D8-D4D7-4A97-9866-CCF4219CEB21}
		{8E7EF35B-C179-4F0C-9176-1BFC1E3498EC} = {C56165B1-95E4-40BC-824E-8746738A6E2B}
		{9C3B326B-C630-4B5C-B124-46588E4DEF6D} = {8E7EF35B-C179-4F0C-9176-1BFC1E3498EC}
		{37C9793F-2E7D-417B-8F47-86943E3B66CF} = {8E7EF35B-C179-4F0C-9176-1BFC1E3498EC}
		{341D5804-7513-4B82-A539-BA36D709865B} = {C56165B1-95E4-40BC-824E-8746738A6E2B}
		{A402B636-56BD-483A-B201-AF08DD1F480C} = {341D5804-7513-4B82-A539-BA36D709865B}
		{DAFD78A0-3ED7-4169-9AEB-4FFEC102BC02} = {341D5804-7513-4B82-A539-BA36D709865B}
		{BCDA7951-3974-4F01-ABA7-88AA73D03E31} = {C56165B1-95E4-40BC-824E-8746738A6E2B}
		{140AEFDA-5DEC-4AF6-9FBE-E1DFAB53EB0D} = {BCDA7951-3974-4F01-ABA7-88AA73D03E31}
		{7B23C596-5AAA-4B87-AE85-F5A63C56A4C0} = {BCDA7951-3974-4F01-ABA7-88AA73D03E31}
		{525F4194-92D2-42D7-B84C-AAD45307DDAF} = {6AFBF6D8-D4D7-4A97-9866-CCF4219CEB21}
		{FB3A0880-CBA5-430B-9791-AB3ABA04169D} = {525F4194-92D2-42D7-B84C-AAD45307DDAF}
		{7CA6335B-00FC-464E-ACA0-3825F2323CF3} = {FB3A0880-CBA5-430B-9791-AB3ABA04169D}
		{64399A94-8430-499F-8D25-3FD8420C716D} = {FB3A0880-CBA5-430B-9791-AB3ABA04169D}
		{66A54B1F-071F-4FCF-8259-7F1056842C3C} = {C56165B1-95E4-40BC-824E-8746738A6E2B}
		{32F7964B-536A-4888-B562-4617A6648426} = {66A54B1F-071F-4FCF-8259-7F1056842C3C}
		{61128280-36A3-494B-B819-6B438AA64492} = {66A54B1F-071F-4FCF-8259-7F1056842C3C}
		{964F5AEF-C0BD-47D4-8730-7E77FE8580CE} = {843C4A32-6639-4783-9AA2-4CEDA61642DA}
		{42630596-7D98-4419-ADCD-FA7D5CE24822} = {6AFBF6D8-D4D7-4A97-9866-CCF4219CEB21}
		{139F5B3F-2E2B-42FA-A506-36D958CD9DA6} = {42630596-7D98-4419-ADCD-FA7D5CE24822}
		{B71621AC-7428-457F-80F3-55849065273F} = {42630596-7D98-4419-ADCD-FA7D5CE24822}
		{5318C299-CDDB-4B00-9413-B9CB6178ADB3} = {42630596-7D98-4419-ADCD-FA7D5CE24822}
		{544DE5CB-8ED1-4BAD-9D0D-B80E5215C89B} = {42630596-7D98-4419-ADCD-FA7D5CE24822}
		{02ACF125-0E19-4C0C-8D03-CF6B419A0027} = {C56165B1-95E4-40BC-824E-8746738A6E2B}
		{7ED2E88B-306B-4989-8BF6-DC580845D647} = {02ACF125-0E19-4C0C-8D03-CF6B419A0027}
		{2A020C89-FBE5-41BE-A245-8254BC58E5FA} = {02ACF125-0E19-4C0C-8D03-CF6B419A0027}
		{5001D28D-2C92-4C73-B93E-077640E33C18} = {42630596-7D98-4419-ADCD-FA7D5CE24822}
		{E4DC65C3-AC3B-4D16-8AB9-6098065F22DB} = {42630596-7D98-4419-ADCD-FA7D5CE24822}
		{C3CC30C1-9197-44A7-95DE-5B19E6441842} = {6AFBF6D8-D4D7-4A97-9866-CCF4219CEB21}
		{903BEB7D-6E5F-4E7B-B5F4-5D329DC716FA} = {6AFBF6D8-D4D7-4A97-9866-CCF4219CEB21}
		{0313AE3A-69DC-4607-91DB-A8CBF30E066A} = {6AFBF6D8-D4D7-4A97-9866-CCF4219CEB21}
		{69AD2602-3AFD-4A01-BF2B-A7428F4AF3D8} = {0313AE3A-69DC-4607-91DB-A8CBF30E066A}
		{8607613B-29C0-4F86-986A-CCE23BFA79F3} = {69AD2602-3AFD-4A01-BF2B-A7428F4AF3D8}
		{98CB5F95-A667-41DF-81BB-BEE1D3713C85} = {69AD2602-3AFD-4A01-BF2B-A7428F4AF3D8}
		{AFFE034E-2F66-4DFA-B79E-27D95054E06C} = {BCDA7951-3974-4F01-ABA7-88AA73D03E31}
		{2CCF2911-88BB-4805-8F8A-A81118619DF4} = {6AFBF6D8-D4D7-4A97-9866-CCF4219CEB21}
		{F89D110E-8159-4E40-B71B-15E14C6A630F} = {8E7EF35B-C179-4F0C-9176-1BFC1E3498EC}
	EndGlobalSection
	GlobalSection(ProjectConfigurationPlatforms) = postSolution
		{9C3B326B-C630-4B5C-B124-46588E4DEF6D}.Debug|Any CPU.ActiveCfg = Debug|Any CPU
		{9C3B326B-C630-4B5C-B124-46588E4DEF6D}.Debug|Any CPU.Build.0 = Debug|Any CPU
		{9C3B326B-C630-4B5C-B124-46588E4DEF6D}.Release|Any CPU.ActiveCfg = Release|Any CPU
		{9C3B326B-C630-4B5C-B124-46588E4DEF6D}.Release|Any CPU.Build.0 = Release|Any CPU
		{37C9793F-2E7D-417B-8F47-86943E3B66CF}.Debug|Any CPU.ActiveCfg = Debug|Any CPU
		{37C9793F-2E7D-417B-8F47-86943E3B66CF}.Debug|Any CPU.Build.0 = Debug|Any CPU
		{37C9793F-2E7D-417B-8F47-86943E3B66CF}.Release|Any CPU.ActiveCfg = Release|Any CPU
		{37C9793F-2E7D-417B-8F47-86943E3B66CF}.Release|Any CPU.Build.0 = Release|Any CPU
		{A402B636-56BD-483A-B201-AF08DD1F480C}.Debug|Any CPU.ActiveCfg = Debug|Any CPU
		{A402B636-56BD-483A-B201-AF08DD1F480C}.Debug|Any CPU.Build.0 = Debug|Any CPU
		{A402B636-56BD-483A-B201-AF08DD1F480C}.Release|Any CPU.ActiveCfg = Release|Any CPU
		{A402B636-56BD-483A-B201-AF08DD1F480C}.Release|Any CPU.Build.0 = Release|Any CPU
		{DAFD78A0-3ED7-4169-9AEB-4FFEC102BC02}.Debug|Any CPU.ActiveCfg = Debug|Any CPU
		{DAFD78A0-3ED7-4169-9AEB-4FFEC102BC02}.Debug|Any CPU.Build.0 = Debug|Any CPU
		{DAFD78A0-3ED7-4169-9AEB-4FFEC102BC02}.Release|Any CPU.ActiveCfg = Release|Any CPU
		{DAFD78A0-3ED7-4169-9AEB-4FFEC102BC02}.Release|Any CPU.Build.0 = Release|Any CPU
		{140AEFDA-5DEC-4AF6-9FBE-E1DFAB53EB0D}.Debug|Any CPU.ActiveCfg = Debug|Any CPU
		{140AEFDA-5DEC-4AF6-9FBE-E1DFAB53EB0D}.Debug|Any CPU.Build.0 = Debug|Any CPU
		{140AEFDA-5DEC-4AF6-9FBE-E1DFAB53EB0D}.Release|Any CPU.ActiveCfg = Release|Any CPU
		{140AEFDA-5DEC-4AF6-9FBE-E1DFAB53EB0D}.Release|Any CPU.Build.0 = Release|Any CPU
		{7B23C596-5AAA-4B87-AE85-F5A63C56A4C0}.Debug|Any CPU.ActiveCfg = Debug|Any CPU
		{7B23C596-5AAA-4B87-AE85-F5A63C56A4C0}.Debug|Any CPU.Build.0 = Debug|Any CPU
		{7B23C596-5AAA-4B87-AE85-F5A63C56A4C0}.Release|Any CPU.ActiveCfg = Release|Any CPU
		{7B23C596-5AAA-4B87-AE85-F5A63C56A4C0}.Release|Any CPU.Build.0 = Release|Any CPU
		{7CA6335B-00FC-464E-ACA0-3825F2323CF3}.Debug|Any CPU.ActiveCfg = Debug|Any CPU
		{7CA6335B-00FC-464E-ACA0-3825F2323CF3}.Debug|Any CPU.Build.0 = Debug|Any CPU
		{7CA6335B-00FC-464E-ACA0-3825F2323CF3}.Release|Any CPU.ActiveCfg = Release|Any CPU
		{7CA6335B-00FC-464E-ACA0-3825F2323CF3}.Release|Any CPU.Build.0 = Release|Any CPU
		{64399A94-8430-499F-8D25-3FD8420C716D}.Debug|Any CPU.ActiveCfg = Debug|Any CPU
		{64399A94-8430-499F-8D25-3FD8420C716D}.Debug|Any CPU.Build.0 = Debug|Any CPU
		{64399A94-8430-499F-8D25-3FD8420C716D}.Release|Any CPU.ActiveCfg = Release|Any CPU
		{64399A94-8430-499F-8D25-3FD8420C716D}.Release|Any CPU.Build.0 = Release|Any CPU
		{32F7964B-536A-4888-B562-4617A6648426}.Debug|Any CPU.ActiveCfg = Debug|Any CPU
		{32F7964B-536A-4888-B562-4617A6648426}.Debug|Any CPU.Build.0 = Debug|Any CPU
		{32F7964B-536A-4888-B562-4617A6648426}.Release|Any CPU.ActiveCfg = Release|Any CPU
		{32F7964B-536A-4888-B562-4617A6648426}.Release|Any CPU.Build.0 = Release|Any CPU
		{61128280-36A3-494B-B819-6B438AA64492}.Debug|Any CPU.ActiveCfg = Debug|Any CPU
		{61128280-36A3-494B-B819-6B438AA64492}.Debug|Any CPU.Build.0 = Debug|Any CPU
		{61128280-36A3-494B-B819-6B438AA64492}.Release|Any CPU.ActiveCfg = Release|Any CPU
		{61128280-36A3-494B-B819-6B438AA64492}.Release|Any CPU.Build.0 = Release|Any CPU
		{139F5B3F-2E2B-42FA-A506-36D958CD9DA6}.Debug|Any CPU.ActiveCfg = Debug|Any CPU
		{139F5B3F-2E2B-42FA-A506-36D958CD9DA6}.Debug|Any CPU.Build.0 = Debug|Any CPU
		{139F5B3F-2E2B-42FA-A506-36D958CD9DA6}.Release|Any CPU.ActiveCfg = Release|Any CPU
		{139F5B3F-2E2B-42FA-A506-36D958CD9DA6}.Release|Any CPU.Build.0 = Release|Any CPU
		{B71621AC-7428-457F-80F3-55849065273F}.Debug|Any CPU.ActiveCfg = Debug|Any CPU
		{B71621AC-7428-457F-80F3-55849065273F}.Debug|Any CPU.Build.0 = Debug|Any CPU
		{B71621AC-7428-457F-80F3-55849065273F}.Release|Any CPU.ActiveCfg = Release|Any CPU
		{B71621AC-7428-457F-80F3-55849065273F}.Release|Any CPU.Build.0 = Release|Any CPU
		{5318C299-CDDB-4B00-9413-B9CB6178ADB3}.Debug|Any CPU.ActiveCfg = Debug|Any CPU
		{5318C299-CDDB-4B00-9413-B9CB6178ADB3}.Debug|Any CPU.Build.0 = Debug|Any CPU
		{5318C299-CDDB-4B00-9413-B9CB6178ADB3}.Release|Any CPU.ActiveCfg = Release|Any CPU
		{5318C299-CDDB-4B00-9413-B9CB6178ADB3}.Release|Any CPU.Build.0 = Release|Any CPU
		{544DE5CB-8ED1-4BAD-9D0D-B80E5215C89B}.Debug|Any CPU.ActiveCfg = Debug|Any CPU
		{544DE5CB-8ED1-4BAD-9D0D-B80E5215C89B}.Debug|Any CPU.Build.0 = Debug|Any CPU
		{544DE5CB-8ED1-4BAD-9D0D-B80E5215C89B}.Release|Any CPU.ActiveCfg = Release|Any CPU
		{544DE5CB-8ED1-4BAD-9D0D-B80E5215C89B}.Release|Any CPU.Build.0 = Release|Any CPU
		{7ED2E88B-306B-4989-8BF6-DC580845D647}.Debug|Any CPU.ActiveCfg = Debug|Any CPU
		{7ED2E88B-306B-4989-8BF6-DC580845D647}.Debug|Any CPU.Build.0 = Debug|Any CPU
		{7ED2E88B-306B-4989-8BF6-DC580845D647}.Release|Any CPU.ActiveCfg = Release|Any CPU
		{7ED2E88B-306B-4989-8BF6-DC580845D647}.Release|Any CPU.Build.0 = Release|Any CPU
		{2A020C89-FBE5-41BE-A245-8254BC58E5FA}.Debug|Any CPU.ActiveCfg = Debug|Any CPU
		{2A020C89-FBE5-41BE-A245-8254BC58E5FA}.Debug|Any CPU.Build.0 = Debug|Any CPU
		{2A020C89-FBE5-41BE-A245-8254BC58E5FA}.Release|Any CPU.ActiveCfg = Release|Any CPU
		{2A020C89-FBE5-41BE-A245-8254BC58E5FA}.Release|Any CPU.Build.0 = Release|Any CPU
		{5001D28D-2C92-4C73-B93E-077640E33C18}.Debug|Any CPU.ActiveCfg = Debug|Any CPU
		{5001D28D-2C92-4C73-B93E-077640E33C18}.Debug|Any CPU.Build.0 = Debug|Any CPU
		{5001D28D-2C92-4C73-B93E-077640E33C18}.Release|Any CPU.ActiveCfg = Release|Any CPU
		{5001D28D-2C92-4C73-B93E-077640E33C18}.Release|Any CPU.Build.0 = Release|Any CPU
		{E4DC65C3-AC3B-4D16-8AB9-6098065F22DB}.Debug|Any CPU.ActiveCfg = Debug|Any CPU
		{E4DC65C3-AC3B-4D16-8AB9-6098065F22DB}.Debug|Any CPU.Build.0 = Debug|Any CPU
		{E4DC65C3-AC3B-4D16-8AB9-6098065F22DB}.Release|Any CPU.ActiveCfg = Release|Any CPU
		{E4DC65C3-AC3B-4D16-8AB9-6098065F22DB}.Release|Any CPU.Build.0 = Release|Any CPU
		{C3CC30C1-9197-44A7-95DE-5B19E6441842}.Debug|Any CPU.ActiveCfg = Debug|Any CPU
		{C3CC30C1-9197-44A7-95DE-5B19E6441842}.Debug|Any CPU.Build.0 = Debug|Any CPU
		{C3CC30C1-9197-44A7-95DE-5B19E6441842}.Release|Any CPU.ActiveCfg = Release|Any CPU
		{C3CC30C1-9197-44A7-95DE-5B19E6441842}.Release|Any CPU.Build.0 = Release|Any CPU
		{903BEB7D-6E5F-4E7B-B5F4-5D329DC716FA}.Debug|Any CPU.ActiveCfg = Debug|Any CPU
		{903BEB7D-6E5F-4E7B-B5F4-5D329DC716FA}.Debug|Any CPU.Build.0 = Debug|Any CPU
		{903BEB7D-6E5F-4E7B-B5F4-5D329DC716FA}.Release|Any CPU.ActiveCfg = Release|Any CPU
		{903BEB7D-6E5F-4E7B-B5F4-5D329DC716FA}.Release|Any CPU.Build.0 = Release|Any CPU
		{8607613B-29C0-4F86-986A-CCE23BFA79F3}.Debug|Any CPU.ActiveCfg = Debug|Any CPU
		{8607613B-29C0-4F86-986A-CCE23BFA79F3}.Debug|Any CPU.Build.0 = Debug|Any CPU
		{8607613B-29C0-4F86-986A-CCE23BFA79F3}.Release|Any CPU.ActiveCfg = Release|Any CPU
		{8607613B-29C0-4F86-986A-CCE23BFA79F3}.Release|Any CPU.Build.0 = Release|Any CPU
		{98CB5F95-A667-41DF-81BB-BEE1D3713C85}.Debug|Any CPU.ActiveCfg = Debug|Any CPU
		{98CB5F95-A667-41DF-81BB-BEE1D3713C85}.Debug|Any CPU.Build.0 = Debug|Any CPU
		{98CB5F95-A667-41DF-81BB-BEE1D3713C85}.Release|Any CPU.ActiveCfg = Release|Any CPU
		{98CB5F95-A667-41DF-81BB-BEE1D3713C85}.Release|Any CPU.Build.0 = Release|Any CPU
		{AFFE034E-2F66-4DFA-B79E-27D95054E06C}.Debug|Any CPU.ActiveCfg = Debug|Any CPU
		{AFFE034E-2F66-4DFA-B79E-27D95054E06C}.Debug|Any CPU.Build.0 = Debug|Any CPU
		{AFFE034E-2F66-4DFA-B79E-27D95054E06C}.Release|Any CPU.ActiveCfg = Release|Any CPU
		{AFFE034E-2F66-4DFA-B79E-27D95054E06C}.Release|Any CPU.Build.0 = Release|Any CPU
		{2CCF2911-88BB-4805-8F8A-A81118619DF4}.Debug|Any CPU.ActiveCfg = Debug|Any CPU
		{2CCF2911-88BB-4805-8F8A-A81118619DF4}.Debug|Any CPU.Build.0 = Debug|Any CPU
		{2CCF2911-88BB-4805-8F8A-A81118619DF4}.Release|Any CPU.ActiveCfg = Release|Any CPU
		{2CCF2911-88BB-4805-8F8A-A81118619DF4}.Release|Any CPU.Build.0 = Release|Any CPU
		{F89D110E-8159-4E40-B71B-15E14C6A630F}.Debug|Any CPU.ActiveCfg = Debug|Any CPU
		{F89D110E-8159-4E40-B71B-15E14C6A630F}.Debug|Any CPU.Build.0 = Debug|Any CPU
		{F89D110E-8159-4E40-B71B-15E14C6A630F}.Release|Any CPU.ActiveCfg = Release|Any CPU
		{F89D110E-8159-4E40-B71B-15E14C6A630F}.Release|Any CPU.Build.0 = Release|Any CPU
	EndGlobalSection
EndGlobal
