
Microsoft Visual Studio Solution File, Format Version 12.00
# Visual Studio Version 17
VisualStudioVersion = 17.0.31903.59
MinimumVisualStudioVersion = 10.0.40219.1
Project("{2150E333-8FDC-42A3-9474-1A3956D46DE8}") = "src", "src", "{827E0CD3-B72D-47B6-A68D-7590B98EB39B}"
EndProject
Project("{FAE04EC0-301F-11D3-BF4B-00C04F79EFBC}") = "Hardened1", "src\Hardened1\Hardened1.csproj", "{B33FE15C-62D5-4CF3-BBB3-645543FD2433}"
EndProject
Project("{FAE04EC0-301F-11D3-BF4B-00C04F79EFBC}") = "Hardened1.Host", "src\Hardened1.Host\Hardened1.Host.csproj", "{1E35EBBE-8B73-44DA-8764-4F9CA58767E5}"
EndProject
Project("{2150E333-8FDC-42A3-9474-1A3956D46DE8}") = "tests", "tests", "{0AB3BF05-4346-4AA6-1389-037BE0695223}"
EndProject
Project("{FAE04EC0-301F-11D3-BF4B-00C04F79EFBC}") = "Hardened1.Tests", "tests\Hardened1.Tests\Hardened1.Tests.csproj", "{AA1CCFE6-7D76-48EA-A436-6B6740AC450E}"
EndProject
Global
	GlobalSection(SolutionConfigurationPlatforms) = preSolution
		Debug|Any CPU = Debug|Any CPU
		Debug|x64 = Debug|x64
		Debug|x86 = Debug|x86
		Release|Any CPU = Release|Any CPU
		Release|x64 = Release|x64
		Release|x86 = Release|x86
	EndGlobalSection
	GlobalSection(ProjectConfigurationPlatforms) = postSolution
		{B33FE15C-62D5-4CF3-BBB3-645543FD2433}.Debug|Any CPU.ActiveCfg = Debug|Any CPU
		{B33FE15C-62D5-4CF3-BBB3-645543FD2433}.Debug|Any CPU.Build.0 = Debug|Any CPU
		{B33FE15C-62D5-4CF3-BBB3-645543FD2433}.Debug|x64.ActiveCfg = Debug|Any CPU
		{B33FE15C-62D5-4CF3-BBB3-645543FD2433}.Debug|x64.Build.0 = Debug|Any CPU
		{B33FE15C-62D5-4CF3-BBB3-645543FD2433}.Debug|x86.ActiveCfg = Debug|Any CPU
		{B33FE15C-62D5-4CF3-BBB3-645543FD2433}.Debug|x86.Build.0 = Debug|Any CPU
		{B33FE15C-62D5-4CF3-BBB3-645543FD2433}.Release|Any CPU.ActiveCfg = Release|Any CPU
		{B33FE15C-62D5-4CF3-BBB3-645543FD2433}.Release|Any CPU.Build.0 = Release|Any CPU
		{B33FE15C-62D5-4CF3-BBB3-645543FD2433}.Release|x64.ActiveCfg = Release|Any CPU
		{B33FE15C-62D5-4CF3-BBB3-645543FD2433}.Release|x64.Build.0 = Release|Any CPU
		{B33FE15C-62D5-4CF3-BBB3-645543FD2433}.Release|x86.ActiveCfg = Release|Any CPU
		{B33FE15C-62D5-4CF3-BBB3-645543FD2433}.Release|x86.Build.0 = Release|Any CPU
		{1E35EBBE-8B73-44DA-8764-4F9CA58767E5}.Debug|Any CPU.ActiveCfg = Debug|Any CPU
		{1E35EBBE-8B73-44DA-8764-4F9CA58767E5}.Debug|Any CPU.Build.0 = Debug|Any CPU
		{1E35EBBE-8B73-44DA-8764-4F9CA58767E5}.Debug|x64.ActiveCfg = Debug|Any CPU
		{1E35EBBE-8B73-44DA-8764-4F9CA58767E5}.Debug|x64.Build.0 = Debug|Any CPU
		{1E35EBBE-8B73-44DA-8764-4F9CA58767E5}.Debug|x86.ActiveCfg = Debug|Any CPU
		{1E35EBBE-8B73-44DA-8764-4F9CA58767E5}.Debug|x86.Build.0 = Debug|Any CPU
		{1E35EBBE-8B73-44DA-8764-4F9CA58767E5}.Release|Any CPU.ActiveCfg = Release|Any CPU
		{1E35EBBE-8B73-44DA-8764-4F9CA58767E5}.Release|Any CPU.Build.0 = Release|Any CPU
		{1E35EBBE-8B73-44DA-8764-4F9CA58767E5}.Release|x64.ActiveCfg = Release|Any CPU
		{1E35EBBE-8B73-44DA-8764-4F9CA58767E5}.Release|x64.Build.0 = Release|Any CPU
		{1E35EBBE-8B73-44DA-8764-4F9CA58767E5}.Release|x86.ActiveCfg = Release|Any CPU
		{1E35EBBE-8B73-44DA-8764-4F9CA58767E5}.Release|x86.Build.0 = Release|Any CPU
		{AA1CCFE6-7D76-48EA-A436-6B6740AC450E}.Debug|Any CPU.ActiveCfg = Debug|Any CPU
		{AA1CCFE6-7D76-48EA-A436-6B6740AC450E}.Debug|Any CPU.Build.0 = Debug|Any CPU
		{AA1CCFE6-7D76-48EA-A436-6B6740AC450E}.Debug|x64.ActiveCfg = Debug|Any CPU
		{AA1CCFE6-7D76-48EA-A436-6B6740AC450E}.Debug|x64.Build.0 = Debug|Any CPU
		{AA1CCFE6-7D76-48EA-A436-6B6740AC450E}.Debug|x86.ActiveCfg = Debug|Any CPU
		{AA1CCFE6-7D76-48EA-A436-6B6740AC450E}.Debug|x86.Build.0 = Debug|Any CPU
		{AA1CCFE6-7D76-48EA-A436-6B6740AC450E}.Release|Any CPU.ActiveCfg = Release|Any CPU
		{AA1CCFE6-7D76-48EA-A436-6B6740AC450E}.Release|Any CPU.Build.0 = Release|Any CPU
		{AA1CCFE6-7D76-48EA-A436-6B6740AC450E}.Release|x64.ActiveCfg = Release|Any CPU
		{AA1CCFE6-7D76-48EA-A436-6B6740AC450E}.Release|x64.Build.0 = Release|Any CPU
		{AA1CCFE6-7D76-48EA-A436-6B6740AC450E}.Release|x86.ActiveCfg = Release|Any CPU
		{AA1CCFE6-7D76-48EA-A436-6B6740AC450E}.Release|x86.Build.0 = Release|Any CPU
	EndGlobalSection
	GlobalSection(SolutionProperties) = preSolution
		HideSolutionNode = FALSE
	EndGlobalSection
	GlobalSection(NestedProjects) = preSolution
		{B33FE15C-62D5-4CF3-BBB3-645543FD2433} = {827E0CD3-B72D-47B6-A68D-7590B98EB39B}
		{1E35EBBE-8B73-44DA-8764-4F9CA58767E5} = {827E0CD3-B72D-47B6-A68D-7590B98EB39B}
		{AA1CCFE6-7D76-48EA-A436-6B6740AC450E} = {0AB3BF05-4346-4AA6-1389-037BE0695223}
	EndGlobalSection
EndGlobal
