Microsoft Visual Studio Solution File, Format Version 12.00
# Visual Studio Version 17
VisualStudioVersion = 17.0.31903.59
MinimumVisualStudioVersion = 10.0.40219.1
Project("{2150E333-8FDC-42A3-9474-1A3956D46DE8}") = "src", "src", "{E827A3D2-DCD7-4F09-B627-327F735B5423}"
EndProject
Project("{FAE04EC0-301F-11D3-BF4B-00C04F79EFBC}") = "Hardened1", "src\Hardened1\Hardened1.csproj", "{8D29C651-1DF0-44E8-9652-0FB0E7811184}"
EndProject
Project("{2150E333-8FDC-42A3-9474-1A3956D46DE8}") = "tests", "tests", "{EE7EB54E-D3DB-4225-8D1A-9D0DD8B1076F}"
EndProject
Project("{FAE04EC0-301F-11D3-BF4B-00C04F79EFBC}") = "Hardened1.Tests", "tests\Hardened1.Tests\Hardened1.Tests.csproj", "{5165DE36-27FB-4167-AB44-C3742537C94F}"
EndProject
Global
	GlobalSection(SolutionConfigurationPlatforms) = preSolution
		Debug|Any CPU = Debug|Any CPU
		Debug|x64 = Debug|x64
		Debug|x86 = Debug|x86
		Release|Any CPU = Release|Any CPU
		Release|x64 = Release|x64
		Release|x86 = Release|x86
	EndGlobalSection
	GlobalSection(ProjectConfigurationPlatforms) = postSolution
		{8D29C651-1DF0-44E8-9652-0FB0E7811184}.Debug|Any CPU.ActiveCfg = Debug|Any CPU
		{8D29C651-1DF0-44E8-9652-0FB0E7811184}.Debug|Any CPU.Build.0 = Debug|Any CPU
		{8D29C651-1DF0-44E8-9652-0FB0E7811184}.Debug|x64.ActiveCfg = Debug|x64
		{8D29C651-1DF0-44E8-9652-0FB0E7811184}.Debug|x64.Build.0 = Debug|x64
		{8D29C651-1DF0-44E8-9652-0FB0E7811184}.Debug|x86.ActiveCfg = Debug|x86
		{8D29C651-1DF0-44E8-9652-0FB0E7811184}.Debug|x86.Build.0 = Debug|x86
		{8D29C651-1DF0-44E8-9652-0FB0E7811184}.Release|Any CPU.ActiveCfg = Release|Any CPU
		{8D29C651-1DF0-44E8-9652-0FB0E7811184}.Release|Any CPU.Build.0 = Release|Any CPU
		{8D29C651-1DF0-44E8-9652-0FB0E7811184}.Release|x64.ActiveCfg = Release|x64
		{8D29C651-1DF0-44E8-9652-0FB0E7811184}.Release|x64.Build.0 = Release|x64
		{8D29C651-1DF0-44E8-9652-0FB0E7811184}.Release|x86.ActiveCfg = Release|x86
		{8D29C651-1DF0-44E8-9652-0FB0E7811184}.Release|x86.Build.0 = Release|x86
		{5165DE36-27FB-4167-AB44-C3742537C94F}.Debug|Any CPU.ActiveCfg = Debug|Any CPU
		{5165DE36-27FB-4167-AB44-C3742537C94F}.Debug|Any CPU.Build.0 = Debug|Any CPU
		{5165DE36-27FB-4167-AB44-C3742537C94F}.Debug|x64.ActiveCfg = Debug|x64
		{5165DE36-27FB-4167-AB44-C3742537C94F}.Debug|x64.Build.0 = Debug|x64
		{5165DE36-27FB-4167-AB44-C3742537C94F}.Debug|x86.ActiveCfg = Debug|x86
		{5165DE36-27FB-4167-AB44-C3742537C94F}.Debug|x86.Build.0 = Debug|x86
		{5165DE36-27FB-4167-AB44-C3742537C94F}.Release|Any CPU.ActiveCfg = Release|Any CPU
		{5165DE36-27FB-4167-AB44-C3742537C94F}.Release|Any CPU.Build.0 = Release|Any CPU
		{5165DE36-27FB-4167-AB44-C3742537C94F}.Release|x64.ActiveCfg = Release|x64
		{5165DE36-27FB-4167-AB44-C3742537C94F}.Release|x64.Build.0 = Release|x64
		{5165DE36-27FB-4167-AB44-C3742537C94F}.Release|x86.ActiveCfg = Release|x86
		{5165DE36-27FB-4167-AB44-C3742537C94F}.Release|x86.Build.0 = Release|x86
	EndGlobalSection
	GlobalSection(NestedProjects) = preSolution
		{8D29C651-1DF0-44E8-9652-0FB0E7811184} = {E827A3D2-DCD7-4F09-B627-327F735B5423}
		{5165DE36-27FB-4167-AB44-C3742537C94F} = {EE7EB54E-D3DB-4225-8D1A-9D0DD8B1076F}
	EndGlobalSection
EndGlobal
