
Microsoft Visual Studio Solution File, Format Version 12.00
# Visual Studio Version 17
VisualStudioVersion = 17.1.32421.90
MinimumVisualStudioVersion = 10.0.40219.1
Project("{2150E333-8FDC-42A3-9474-1A3956D46DE8}") = "Shared", "Shared", "{F769B871-2AEB-40AF-9347-1AABF4F80585}"
EndProject
Project("{9A19103F-16F7-4668-BE54-9A1E7A4F7556}") = "Hardened.Shared.Runtime", "Shared\Hardened.Shared.Runtime\Hardened.Shared.Runtime.csproj", "{9EBF73A5-9027-4958-8031-239914882BEA}"
EndProject
Project("{9A19103F-16F7-4668-BE54-9A1E7A4F7556}") = "Hardened.Shared.Runtime.Tests", "Shared\Hardened.Shared.Runtime.Tests\Hardened.Shared.Runtime.Tests.csproj", "{C48F7F31-3622-4C2D-ABDE-B7306CED30E8}"
EndProject
Project("{2150E333-8FDC-42A3-9474-1A3956D46DE8}") = "Requests", "Requests", "{F21B194A-B804-4677-AD5B-E0B44D3EC45F}"
EndProject
Project("{9A19103F-16F7-4668-BE54-9A1E7A4F7556}") = "Hardened.Requests.Runtime", "Requests\Hardened.Requests.Runtime\Hardened.Requests.Runtime.csproj", "{F4BF2A61-FF07-4E76-B746-4201869B6BB8}"
EndProject
Project("{9A19103F-16F7-4668-BE54-9A1E7A4F7556}") = "Hardened.Requests.Runtime.Tests", "Requests\Hardened.Requests.Runtime.Tests\Hardened.Requests.Runtime.Tests.csproj", "{D23A6F3A-EF71-48C0-833A-2457A17BA08C}"
EndProject
Project("{2150E333-8FDC-42A3-9474-1A3956D46DE8}") = "Templates", "Templates", "{77AB779A-D5B3-4CD2-9B64-3B3EC4504DE8}"
EndProject
Project("{9A19103F-16F7-4668-BE54-9A1E7A4F7556}") = "Hardened.Templates.Runtime", "Templates\Hardened.Templates.Runtime\Hardened.Templates.Runtime.csproj", "{600BD187-FC96-47BA-A7E2-943DD485913A}"
EndProject
Project("{9A19103F-16F7-4668-BE54-9A1E7A4F7556}") = "Hardened.Templates.Runtime.Tests", "Templates\Hardened.Templates.Runtime.Tests\Hardened.Templates.Runtime.Tests.csproj", "{8E192853-7B98-42EB-9082-21AB1DBFD830}"
EndProject
Project("{9A19103F-16F7-4668-BE54-9A1E7A4F7556}") = "Hardened.Requests.Abstract", "Requests\Hardened.Requests.Abstract\Hardened.Requests.Abstract.csproj", "{31C408D6-6115-4457-85F3-7ABED291B2C7}"
EndProject
Project("{2150E333-8FDC-42A3-9474-1A3956D46DE8}") = "Web", "Web", "{7DC696BF-0B4E-4B03-B309-ABDC7A502538}"
EndProject
Project("{9A19103F-16F7-4668-BE54-9A1E7A4F7556}") = "Hardened.Web.Runtime", "Web\Hardened.Web.Runtime\Hardened.Web.Runtime.csproj", "{1DDB0294-24C0-4E5B-8623-2CA22AA384BC}"
EndProject
Project("{9A19103F-16F7-4668-BE54-9A1E7A4F7556}") = "Hardened.Web.Testing", "Web\Hardened.Web.Testing\Hardened.Web.Testing.csproj", "{BDEF4C9C-128C-488C-858E-81EDF2AC0AD9}"
EndProject
Project("{9A19103F-16F7-4668-BE54-9A1E7A4F7556}") = "Hardened.Web.Runtime.Tests", "Web\Hardened.Web.Runtime.Tests\Hardened.Web.Runtime.Tests.csproj", "{65FA4F9E-FE9D-4548-B939-39F80F7B51EE}"
EndProject
Project("{9A19103F-16F7-4668-BE54-9A1E7A4F7556}") = "Hardened.Web.Testing.Tests", "Web\Hardened.Web.Testing.Tests\Hardened.Web.Testing.Tests.csproj", "{1DDE0DC0-C50C-48A4-84D3-636B566A1A30}"
EndProject
Project("{2150E333-8FDC-42A3-9474-1A3956D46DE8}") = "IntegrationTests", "IntegrationTests", "{592F787C-E5FC-4C0C-8F2F-2DC8559C326B}"
EndProject
Project("{2150E333-8FDC-42A3-9474-1A3956D46DE8}") = "Web", "Web", "{8E1906BF-C76F-4338-9EA9-C6DE8B5509B2}"
EndProject
Project("{9A19103F-16F7-4668-BE54-9A1E7A4F7556}") = "Hardened.IntegrationTests.Web.SUT", "IntegrationTests\Web\Hardened.IntegrationTests.Web.SUT\Hardened.IntegrationTests.Web.SUT.csproj", "{334823D4-831D-4AF3-9231-570C75C835C3}"
EndProject
Project("{9A19103F-16F7-4668-BE54-9A1E7A4F7556}") = "Hardened.IntegrationTests.Web.Tests", "IntegrationTests\Web\Hardened.IntegrationTests.Web.Tests\Hardened.IntegrationTests.Web.Tests.csproj", "{283AC367-BA95-4C3F-8D1A-C3BADA4415B2}"
EndProject
Project("{2150E333-8FDC-42A3-9474-1A3956D46DE8}") = "SourceGenerators", "SourceGenerators", "{EABCDDC0-6E72-43FB-9AF7-04E6681B83FD}"
EndProject
Project("{9A19103F-16F7-4668-BE54-9A1E7A4F7556}") = "Hardened.SourceGenerator", "SourceGenerators\Hardened.SourceGenerator\Hardened.SourceGenerator.csproj", "{738F9912-6CDD-4C89-9F10-8A13094364DA}"
EndProject
Project("{9A19103F-16F7-4668-BE54-9A1E7A4F7556}") = "Hardened.Templates.SourceGenerator", "SourceGenerators\Hardened.Templates.SourceGenerator\Hardened.Templates.SourceGenerator.csproj", "{5277FBA1-026A-4FA8-9BCB-E8FF37D4BE07}"
EndProject
Project("{9A19103F-16F7-4668-BE54-9A1E7A4F7556}") = "Hardened.Web.SourceGenerator", "SourceGenerators\Hardened.Web.SourceGenerator\Hardened.Web.SourceGenerator.csproj", "{E0F7E4E3-FAF5-42C4-9D1C-DCB48BFE82DA}"
EndProject
Project("{9A19103F-16F7-4668-BE54-9A1E7A4F7556}") = "Hardened.Shared.Testing", "Shared\Hardened.Shared.Testing\Hardened.Shared.Testing.csproj", "{EED53D0E-337D-4664-80A8-2185B63AC366}"
EndProject
Project("{9A19103F-16F7-4668-BE54-9A1E7A4F7556}") = "Hardened.Requests.Testing", "Requests\Hardened.Requests.Testing\Hardened.Requests.Testing.csproj", "{3A3209C6-9DE4-4003-A372-95DE7658FDF4}"
EndProject
Project("{9A19103F-16F7-4668-BE54-9A1E7A4F7556}") = "Hardened.Templates.Abstract", "Templates\Hardened.Templates.Abstract\Hardened.Templates.Abstract.csproj", "{F77F2D69-2D63-418D-82A0-6EF58E815062}"
EndProject
Project("{9A19103F-16F7-4668-BE54-9A1E7A4F7556}") = "Hardened.SourceGenerator.Tests", "SourceGenerators\Hardened.SourceGenerator.Tests\Hardened.SourceGenerator.Tests.csproj", "{02DEB912-BB31-4458-85EB-5BFB53B5348C}"
EndProject
Project("{9A19103F-16F7-4668-BE54-9A1E7A4F7556}") = "Hardened.Library.SourceGenerator", "SourceGenerators\Hardened.Library.SourceGenerator\Hardened.Library.SourceGenerator.csproj", "{F9F0C4C5-3BFD-48E8-8FDA-00EC4B842A22}"
EndProject
Project("{2150E333-8FDC-42A3-9474-1A3956D46DE8}") = "Serializers", "Serializers", "{9F568319-5401-46D0-BD04-A51B1566A963}"
EndProject
Project("{9A19103F-16F7-4668-BE54-9A1E7A4F7556}") = "Hardened.Requests.Serializers.Newtonsoft", "Requests\Serializers\Hardened.Requests.Serializers.Newtonsoft\Hardened.Requests.Serializers.Newtonsoft.csproj", "{C7038256-046D-45D0-95E7-EEBCB1EC365D}"
EndProject
Project("{2150E333-8FDC-42A3-9474-1A3956D46DE8}") = "Amz", "Amz", "{14301AF1-9386-4970-B4F8-74E37B188AEC}"
EndProject
Project("{2150E333-8FDC-42A3-9474-1A3956D46DE8}") = "Dyanmo", "Dyanmo", "{A24CF8CB-6A5D-4968-A137-A65C3F18B2A8}"
EndProject
Project("{9A19103F-16F7-4668-BE54-9A1E7A4F7556}") = "Hardened.Amz.DynamoDbClient", "Amz\Hardened.Amz.DynamoDbClient\Hardened.Amz.DynamoDbClient.csproj", "{B2A90189-369B-4A12-8AEF-140CBF18231F}"
EndProject
Project("{9A19103F-16F7-4668-BE54-9A1E7A4F7556}") = "Hardened.Amz.DynamoDbClient.Testing", "Amz\Hardened.Amz.DynamoDbClient.Testing\Hardened.Amz.DynamoDbClient.Testing.csproj", "{CA1F4B59-83D8-44C1-A387-84A93C815737}"
EndProject
Project("{2150E333-8FDC-42A3-9474-1A3956D46DE8}") = "Lambda", "Lambda", "{0E6AF705-8721-4835-B569-A9F513F15929}"
EndProject
Project("{2150E333-8FDC-42A3-9474-1A3956D46DE8}") = "CloudWatch", "CloudWatch", "{AA0EF611-E77D-4FED-A770-D4E282BDF2B7}"
EndProject
Project("{9A19103F-16F7-4668-BE54-9A1E7A4F7556}") = "Hardened.Amz.Function.Lambda.Runtime", "Amz\Hardened.Amz.Function.Lambda.Runtime\Hardened.Amz.Function.Lambda.Runtime.csproj", "{A91C4636-147F-4062-B371-F3F9B33C8400}"
EndProject
Project("{9A19103F-16F7-4668-BE54-9A1E7A4F7556}") = "Hardened.Amz.Function.Lambda.Testing", "Amz\Hardened.Amz.Function.Lambda.Testing\Hardened.Amz.Function.Lambda.Testing.csproj", "{DDE435C4-1594-4BB0-8C80-C6C09FF91DEE}"
EndProject
Project("{9A19103F-16F7-4668-BE54-9A1E7A4F7556}") = "Hardened.Amz.Shared.Lambda.Runtime", "Amz\Hardened.Amz.Shared.Lambda.Runtime\Hardened.Amz.Shared.Lambda.Runtime.csproj", "{7E81058F-A03B-4A9A-86F4-8396C6400ED4}"
EndProject
Project("{9A19103F-16F7-4668-BE54-9A1E7A4F7556}") = "Hardened.Amz.Shared.Lambda.Testing", "Amz\Hardened.Amz.Shared.Lambda.Testing\Hardened.Amz.Shared.Lambda.Testing.csproj", "{2E00FB68-8318-49D9-8490-EAFEA431F421}"
EndProject
Project("{9A19103F-16F7-4668-BE54-9A1E7A4F7556}") = "Hardened.Amz.Web.Lambda.Harness", "Amz\Hardened.Amz.Web.Lambda.Harness\Hardened.Amz.Web.Lambda.Harness.csproj", "{7C4A7950-52C0-45DA-80E1-70E546A75CEC}"
EndProject
Project("{9A19103F-16F7-4668-BE54-9A1E7A4F7556}") = "Hardened.Amz.Web.Lambda.Runtime", "Amz\Hardened.Amz.Web.Lambda.Runtime\Hardened.Amz.Web.Lambda.Runtime.csproj", "{4C913BFA-401B-4B47-9448-AC58D7F21A40}"
EndProject
Project("{2150E333-8FDC-42A3-9474-1A3956D46DE8}") = "SourceGenerators", "SourceGenerators", "{8D526EBC-C2BA-435B-A562-C5FEC8A51732}"
EndProject
Project("{9A19103F-16F7-4668-BE54-9A1E7A4F7556}") = "Hardened.Amz.Function.Lambda.SourceGenerator", "Amz\SourceGenerators\Hardened.Amz.Function.Lambda.SourceGenerator\Hardened.Amz.Function.Lambda.SourceGenerator.csproj", "{0E3654E8-3587-4DCB-97B2-E76A967D6DDB}"
EndProject
Project("{9A19103F-16F7-4668-BE54-9A1E7A4F7556}") = "Hardened.Amz.Web.Lambda.SourceGenerator", "Amz\SourceGenerators\Hardened.Amz.Web.Lambda.SourceGenerator\Hardened.Amz.Web.Lambda.SourceGenerator.csproj", "{82B9C22D-54ED-4DF5-9B14-3E4F007E95A7}"
EndProject
Project("{2150E333-8FDC-42A3-9474-1A3956D46DE8}") = "Amz", "Amz", "{4B7509A0-649A-42A9-98F6-E7886685AFE0}"
EndProject
Project("{2150E333-8FDC-42A3-9474-1A3956D46DE8}") = "Lambda", "Lambda", "{912FA76C-5C49-44BD-90F2-675745D2D90F}"
EndProject
Project("{9A19103F-16F7-4668-BE54-9A1E7A4F7556}") = "Hardened.IntegrationTests.Function.Lambda.SUT", "IntegrationTests\Amz\Lambda\Hardened.IntegrationTests.Function.Lambda.SUT\Hardened.IntegrationTests.Function.Lambda.SUT.csproj", "{6205B827-29FF-427E-A995-9A96EA3FB868}"
EndProject
Project("{9A19103F-16F7-4668-BE54-9A1E7A4F7556}") = "Hardened.IntegrationTests.Function.Lambda.Tests", "IntegrationTests\Amz\Lambda\Hardened.IntegrationTests.Function.Lambda.Tests\Hardened.IntegrationTests.Function.Lambda.Tests.csproj", "{4CE4D686-3941-4671-8D46-7AE0BC1E3953}"
EndProject
Project("{9A19103F-16F7-4668-BE54-9A1E7A4F7556}") = "Hardened.IntegrationTests.Web.Lambda.SUT", "IntegrationTests\Amz\Lambda\Hardened.IntegrationTests.Web.Lambda.SUT\Hardened.IntegrationTests.Web.Lambda.SUT.csproj", "{F2ED8A14-E999-45C2-B17D-8535B1DA10EF}"
EndProject
Project("{9A19103F-16F7-4668-BE54-9A1E7A4F7556}") = "Hardened.IntegrationTests.Web.Lambda.Tests", "IntegrationTests\Amz\Lambda\Hardened.IntegrationTests.Web.Lambda.Tests\Hardened.IntegrationTests.Web.Lambda.Tests.csproj", "{6A25CC96-7910-42A0-90E8-077630F65474}"
EndProject
Project("{FAE04EC0-301F-11D3-BF4B-00C04F79EFBC}") = "Hardened.Amz.CloudWatch.Dashboards", "Amz\Hardened.Amz.CloudWatch.Dashboards\Hardened.Amz.CloudWatch.Dashboards.csproj", "{A61702B5-DDA1-419D-9236-0BEA1BEFCA9C}"
EndProject
Global
	GlobalSection(SolutionConfigurationPlatforms) = preSolution
		Debug|Any CPU = Debug|Any CPU
		Release|Any CPU = Release|Any CPU
	EndGlobalSection
	GlobalSection(ProjectConfigurationPlatforms) = postSolution
		{9EBF73A5-9027-4958-8031-239914882BEA}.Debug|Any CPU.ActiveCfg = Debug|Any CPU
		{9EBF73A5-9027-4958-8031-239914882BEA}.Debug|Any CPU.Build.0 = Debug|Any CPU
		{9EBF73A5-9027-4958-8031-239914882BEA}.Release|Any CPU.ActiveCfg = Release|Any CPU
		{9EBF73A5-9027-4958-8031-239914882BEA}.Release|Any CPU.Build.0 = Release|Any CPU
		{C48F7F31-3622-4C2D-ABDE-B7306CED30E8}.Debug|Any CPU.ActiveCfg = Debug|Any CPU
		{C48F7F31-3622-4C2D-ABDE-B7306CED30E8}.Debug|Any CPU.Build.0 = Debug|Any CPU
		{C48F7F31-3622-4C2D-ABDE-B7306CED30E8}.Release|Any CPU.ActiveCfg = Release|Any CPU
		{C48F7F31-3622-4C2D-ABDE-B7306CED30E8}.Release|Any CPU.Build.0 = Release|Any CPU
		{F4BF2A61-FF07-4E76-B746-4201869B6BB8}.Debug|Any CPU.ActiveCfg = Debug|Any CPU
		{F4BF2A61-FF07-4E76-B746-4201869B6BB8}.Debug|Any CPU.Build.0 = Debug|Any CPU
		{F4BF2A61-FF07-4E76-B746-4201869B6BB8}.Release|Any CPU.ActiveCfg = Release|Any CPU
		{F4BF2A61-FF07-4E76-B746-4201869B6BB8}.Release|Any CPU.Build.0 = Release|Any CPU
		{D23A6F3A-EF71-48C0-833A-2457A17BA08C}.Debug|Any CPU.ActiveCfg = Debug|Any CPU
		{D23A6F3A-EF71-48C0-833A-2457A17BA08C}.Debug|Any CPU.Build.0 = Debug|Any CPU
		{D23A6F3A-EF71-48C0-833A-2457A17BA08C}.Release|Any CPU.ActiveCfg = Release|Any CPU
		{D23A6F3A-EF71-48C0-833A-2457A17BA08C}.Release|Any CPU.Build.0 = Release|Any CPU
		{600BD187-FC96-47BA-A7E2-943DD485913A}.Debug|Any CPU.ActiveCfg = Debug|Any CPU
		{600BD187-FC96-47BA-A7E2-943DD485913A}.Debug|Any CPU.Build.0 = Debug|Any CPU
		{600BD187-FC96-47BA-A7E2-943DD485913A}.Release|Any CPU.ActiveCfg = Release|Any CPU
		{600BD187-FC96-47BA-A7E2-943DD485913A}.Release|Any CPU.Build.0 = Release|Any CPU
		{8E192853-7B98-42EB-9082-21AB1DBFD830}.Debug|Any CPU.ActiveCfg = Debug|Any CPU
		{8E192853-7B98-42EB-9082-21AB1DBFD830}.Debug|Any CPU.Build.0 = Debug|Any CPU
		{8E192853-7B98-42EB-9082-21AB1DBFD830}.Release|Any CPU.ActiveCfg = Release|Any CPU
		{8E192853-7B98-42EB-9082-21AB1DBFD830}.Release|Any CPU.Build.0 = Release|Any CPU
		{31C408D6-6115-4457-85F3-7ABED291B2C7}.Debug|Any CPU.ActiveCfg = Debug|Any CPU
		{31C408D6-6115-4457-85F3-7ABED291B2C7}.Debug|Any CPU.Build.0 = Debug|Any CPU
		{31C408D6-6115-4457-85F3-7ABED291B2C7}.Release|Any CPU.ActiveCfg = Release|Any CPU
		{31C408D6-6115-4457-85F3-7ABED291B2C7}.Release|Any CPU.Build.0 = Release|Any CPU
		{1DDB0294-24C0-4E5B-8623-2CA22AA384BC}.Debug|Any CPU.ActiveCfg = Debug|Any CPU
		{1DDB0294-24C0-4E5B-8623-2CA22AA384BC}.Debug|Any CPU.Build.0 = Debug|Any CPU
		{1DDB0294-24C0-4E5B-8623-2CA22AA384BC}.Release|Any CPU.ActiveCfg = Release|Any CPU
		{1DDB0294-24C0-4E5B-8623-2CA22AA384BC}.Release|Any CPU.Build.0 = Release|Any CPU
		{BDEF4C9C-128C-488C-858E-81EDF2AC0AD9}.Debug|Any CPU.ActiveCfg = Debug|Any CPU
		{BDEF4C9C-128C-488C-858E-81EDF2AC0AD9}.Debug|Any CPU.Build.0 = Debug|Any CPU
		{BDEF4C9C-128C-488C-858E-81EDF2AC0AD9}.Release|Any CPU.ActiveCfg = Release|Any CPU
		{BDEF4C9C-128C-488C-858E-81EDF2AC0AD9}.Release|Any CPU.Build.0 = Release|Any CPU
		{65FA4F9E-FE9D-4548-B939-39F80F7B51EE}.Debug|Any CPU.ActiveCfg = Debug|Any CPU
		{65FA4F9E-FE9D-4548-B939-39F80F7B51EE}.Debug|Any CPU.Build.0 = Debug|Any CPU
		{65FA4F9E-FE9D-4548-B939-39F80F7B51EE}.Release|Any CPU.ActiveCfg = Release|Any CPU
		{65FA4F9E-FE9D-4548-B939-39F80F7B51EE}.Release|Any CPU.Build.0 = Release|Any CPU
		{1DDE0DC0-C50C-48A4-84D3-636B566A1A30}.Debug|Any CPU.ActiveCfg = Debug|Any CPU
		{1DDE0DC0-C50C-48A4-84D3-636B566A1A30}.Debug|Any CPU.Build.0 = Debug|Any CPU
		{1DDE0DC0-C50C-48A4-84D3-636B566A1A30}.Release|Any CPU.ActiveCfg = Release|Any CPU
		{1DDE0DC0-C50C-48A4-84D3-636B566A1A30}.Release|Any CPU.Build.0 = Release|Any CPU
		{334823D4-831D-4AF3-9231-570C75C835C3}.Debug|Any CPU.ActiveCfg = Debug|Any CPU
		{334823D4-831D-4AF3-9231-570C75C835C3}.Debug|Any CPU.Build.0 = Debug|Any CPU
		{334823D4-831D-4AF3-9231-570C75C835C3}.Release|Any CPU.ActiveCfg = Release|Any CPU
		{334823D4-831D-4AF3-9231-570C75C835C3}.Release|Any CPU.Build.0 = Release|Any CPU
		{283AC367-BA95-4C3F-8D1A-C3BADA4415B2}.Debug|Any CPU.ActiveCfg = Debug|Any CPU
		{283AC367-BA95-4C3F-8D1A-C3BADA4415B2}.Debug|Any CPU.Build.0 = Debug|Any CPU
		{283AC367-BA95-4C3F-8D1A-C3BADA4415B2}.Release|Any CPU.ActiveCfg = Release|Any CPU
		{283AC367-BA95-4C3F-8D1A-C3BADA4415B2}.Release|Any CPU.Build.0 = Release|Any CPU
		{738F9912-6CDD-4C89-9F10-8A13094364DA}.Debug|Any CPU.ActiveCfg = Debug|Any CPU
		{738F9912-6CDD-4C89-9F10-8A13094364DA}.Debug|Any CPU.Build.0 = Debug|Any CPU
		{738F9912-6CDD-4C89-9F10-8A13094364DA}.Release|Any CPU.ActiveCfg = Release|Any CPU
		{738F9912-6CDD-4C89-9F10-8A13094364DA}.Release|Any CPU.Build.0 = Release|Any CPU
		{5277FBA1-026A-4FA8-9BCB-E8FF37D4BE07}.Debug|Any CPU.ActiveCfg = Debug|Any CPU
		{5277FBA1-026A-4FA8-9BCB-E8FF37D4BE07}.Debug|Any CPU.Build.0 = Debug|Any CPU
		{5277FBA1-026A-4FA8-9BCB-E8FF37D4BE07}.Release|Any CPU.ActiveCfg = Release|Any CPU
		{5277FBA1-026A-4FA8-9BCB-E8FF37D4BE07}.Release|Any CPU.Build.0 = Release|Any CPU
		{E0F7E4E3-FAF5-42C4-9D1C-DCB48BFE82DA}.Debug|Any CPU.ActiveCfg = Debug|Any CPU
		{E0F7E4E3-FAF5-42C4-9D1C-DCB48BFE82DA}.Debug|Any CPU.Build.0 = Debug|Any CPU
		{E0F7E4E3-FAF5-42C4-9D1C-DCB48BFE82DA}.Release|Any CPU.ActiveCfg = Release|Any CPU
		{E0F7E4E3-FAF5-42C4-9D1C-DCB48BFE82DA}.Release|Any CPU.Build.0 = Release|Any CPU
		{EED53D0E-337D-4664-80A8-2185B63AC366}.Debug|Any CPU.ActiveCfg = Debug|Any CPU
		{EED53D0E-337D-4664-80A8-2185B63AC366}.Debug|Any CPU.Build.0 = Debug|Any CPU
		{EED53D0E-337D-4664-80A8-2185B63AC366}.Release|Any CPU.ActiveCfg = Release|Any CPU
		{EED53D0E-337D-4664-80A8-2185B63AC366}.Release|Any CPU.Build.0 = Release|Any CPU
		{3A3209C6-9DE4-4003-A372-95DE7658FDF4}.Debug|Any CPU.ActiveCfg = Debug|Any CPU
		{3A3209C6-9DE4-4003-A372-95DE7658FDF4}.Debug|Any CPU.Build.0 = Debug|Any CPU
		{3A3209C6-9DE4-4003-A372-95DE7658FDF4}.Release|Any CPU.ActiveCfg = Release|Any CPU
		{3A3209C6-9DE4-4003-A372-95DE7658FDF4}.Release|Any CPU.Build.0 = Release|Any CPU
		{F77F2D69-2D63-418D-82A0-6EF58E815062}.Debug|Any CPU.ActiveCfg = Debug|Any CPU
		{F77F2D69-2D63-418D-82A0-6EF58E815062}.Debug|Any CPU.Build.0 = Debug|Any CPU
		{F77F2D69-2D63-418D-82A0-6EF58E815062}.Release|Any CPU.ActiveCfg = Release|Any CPU
		{F77F2D69-2D63-418D-82A0-6EF58E815062}.Release|Any CPU.Build.0 = Release|Any CPU
		{02DEB912-BB31-4458-85EB-5BFB53B5348C}.Debug|Any CPU.ActiveCfg = Debug|Any CPU
		{02DEB912-BB31-4458-85EB-5BFB53B5348C}.Debug|Any CPU.Build.0 = Debug|Any CPU
		{02DEB912-BB31-4458-85EB-5BFB53B5348C}.Release|Any CPU.ActiveCfg = Release|Any CPU
		{02DEB912-BB31-4458-85EB-5BFB53B5348C}.Release|Any CPU.Build.0 = Release|Any CPU
		{F9F0C4C5-3BFD-48E8-8FDA-00EC4B842A22}.Debug|Any CPU.ActiveCfg = Debug|Any CPU
		{F9F0C4C5-3BFD-48E8-8FDA-00EC4B842A22}.Debug|Any CPU.Build.0 = Debug|Any CPU
		{F9F0C4C5-3BFD-48E8-8FDA-00EC4B842A22}.Release|Any CPU.ActiveCfg = Release|Any CPU
		{F9F0C4C5-3BFD-48E8-8FDA-00EC4B842A22}.Release|Any CPU.Build.0 = Release|Any CPU
		{C7038256-046D-45D0-95E7-EEBCB1EC365D}.Debug|Any CPU.ActiveCfg = Debug|Any CPU
		{C7038256-046D-45D0-95E7-EEBCB1EC365D}.Debug|Any CPU.Build.0 = Debug|Any CPU
		{C7038256-046D-45D0-95E7-EEBCB1EC365D}.Release|Any CPU.ActiveCfg = Release|Any CPU
		{C7038256-046D-45D0-95E7-EEBCB1EC365D}.Release|Any CPU.Build.0 = Release|Any CPU
		{B2A90189-369B-4A12-8AEF-140CBF18231F}.Debug|Any CPU.ActiveCfg = Debug|Any CPU
		{B2A90189-369B-4A12-8AEF-140CBF18231F}.Debug|Any CPU.Build.0 = Debug|Any CPU
		{B2A90189-369B-4A12-8AEF-140CBF18231F}.Release|Any CPU.ActiveCfg = Release|Any CPU
		{B2A90189-369B-4A12-8AEF-140CBF18231F}.Release|Any CPU.Build.0 = Release|Any CPU
		{CA1F4B59-83D8-44C1-A387-84A93C815737}.Debug|Any CPU.ActiveCfg = Debug|Any CPU
		{CA1F4B59-83D8-44C1-A387-84A93C815737}.Debug|Any CPU.Build.0 = Debug|Any CPU
		{CA1F4B59-83D8-44C1-A387-84A93C815737}.Release|Any CPU.ActiveCfg = Release|Any CPU
		{CA1F4B59-83D8-44C1-A387-84A93C815737}.Release|Any CPU.Build.0 = Release|Any CPU
		{A91C4636-147F-4062-B371-F3F9B33C8400}.Debug|Any CPU.ActiveCfg = Debug|Any CPU
		{A91C4636-147F-4062-B371-F3F9B33C8400}.Debug|Any CPU.Build.0 = Debug|Any CPU
		{A91C4636-147F-4062-B371-F3F9B33C8400}.Release|Any CPU.ActiveCfg = Release|Any CPU
		{A91C4636-147F-4062-B371-F3F9B33C8400}.Release|Any CPU.Build.0 = Release|Any CPU
		{DDE435C4-1594-4BB0-8C80-C6C09FF91DEE}.Debug|Any CPU.ActiveCfg = Debug|Any CPU
		{DDE435C4-1594-4BB0-8C80-C6C09FF91DEE}.Debug|Any CPU.Build.0 = Debug|Any CPU
		{DDE435C4-1594-4BB0-8C80-C6C09FF91DEE}.Release|Any CPU.ActiveCfg = Release|Any CPU
		{DDE435C4-1594-4BB0-8C80-C6C09FF91DEE}.Release|Any CPU.Build.0 = Release|Any CPU
		{7E81058F-A03B-4A9A-86F4-8396C6400ED4}.Debug|Any CPU.ActiveCfg = Debug|Any CPU
		{7E81058F-A03B-4A9A-86F4-8396C6400ED4}.Debug|Any CPU.Build.0 = Debug|Any CPU
		{7E81058F-A03B-4A9A-86F4-8396C6400ED4}.Release|Any CPU.ActiveCfg = Release|Any CPU
		{7E81058F-A03B-4A9A-86F4-8396C6400ED4}.Release|Any CPU.Build.0 = Release|Any CPU
		{2E00FB68-8318-49D9-8490-EAFEA431F421}.Debug|Any CPU.ActiveCfg = Debug|Any CPU
		{2E00FB68-8318-49D9-8490-EAFEA431F421}.Debug|Any CPU.Build.0 = Debug|Any CPU
		{2E00FB68-8318-49D9-8490-EAFEA431F421}.Release|Any CPU.ActiveCfg = Release|Any CPU
		{2E00FB68-8318-49D9-8490-EAFEA431F421}.Release|Any CPU.Build.0 = Release|Any CPU
		{7C4A7950-52C0-45DA-80E1-70E546A75CEC}.Debug|Any CPU.ActiveCfg = Debug|Any CPU
		{7C4A7950-52C0-45DA-80E1-70E546A75CEC}.Debug|Any CPU.Build.0 = Debug|Any CPU
		{7C4A7950-52C0-45DA-80E1-70E546A75CEC}.Release|Any CPU.ActiveCfg = Release|Any CPU
		{7C4A7950-52C0-45DA-80E1-70E546A75CEC}.Release|Any CPU.Build.0 = Release|Any CPU
		{4C913BFA-401B-4B47-9448-AC58D7F21A40}.Debug|Any CPU.ActiveCfg = Debug|Any CPU
		{4C913BFA-401B-4B47-9448-AC58D7F21A40}.Debug|Any CPU.Build.0 = Debug|Any CPU
		{4C913BFA-401B-4B47-9448-AC58D7F21A40}.Release|Any CPU.ActiveCfg = Release|Any CPU
		{4C913BFA-401B-4B47-9448-AC58D7F21A40}.Release|Any CPU.Build.0 = Release|Any CPU
		{0E3654E8-3587-4DCB-97B2-E76A967D6DDB}.Debug|Any CPU.ActiveCfg = Debug|Any CPU
		{0E3654E8-3587-4DCB-97B2-E76A967D6DDB}.Debug|Any CPU.Build.0 = Debug|Any CPU
		{0E3654E8-3587-4DCB-97B2-E76A967D6DDB}.Release|Any CPU.ActiveCfg = Release|Any CPU
		{0E3654E8-3587-4DCB-97B2-E76A967D6DDB}.Release|Any CPU.Build.0 = Release|Any CPU
		{82B9C22D-54ED-4DF5-9B14-3E4F007E95A7}.Debug|Any CPU.ActiveCfg = Debug|Any CPU
		{82B9C22D-54ED-4DF5-9B14-3E4F007E95A7}.Debug|Any CPU.Build.0 = Debug|Any CPU
		{82B9C22D-54ED-4DF5-9B14-3E4F007E95A7}.Release|Any CPU.ActiveCfg = Release|Any CPU
		{82B9C22D-54ED-4DF5-9B14-3E4F007E95A7}.Release|Any CPU.Build.0 = Release|Any CPU
		{6205B827-29FF-427E-A995-9A96EA3FB868}.Debug|Any CPU.ActiveCfg = Debug|Any CPU
		{6205B827-29FF-427E-A995-9A96EA3FB868}.Debug|Any CPU.Build.0 = Debug|Any CPU
		{6205B827-29FF-427E-A995-9A96EA3FB868}.Release|Any CPU.ActiveCfg = Release|Any CPU
		{6205B827-29FF-427E-A995-9A96EA3FB868}.Release|Any CPU.Build.0 = Release|Any CPU
		{4CE4D686-3941-4671-8D46-7AE0BC1E3953}.Debug|Any CPU.ActiveCfg = Debug|Any CPU
		{4CE4D686-3941-4671-8D46-7AE0BC1E3953}.Debug|Any CPU.Build.0 = Debug|Any CPU
		{4CE4D686-3941-4671-8D46-7AE0BC1E3953}.Release|Any CPU.ActiveCfg = Release|Any CPU
		{4CE4D686-3941-4671-8D46-7AE0BC1E3953}.Release|Any CPU.Build.0 = Release|Any CPU
		{F2ED8A14-E999-45C2-B17D-8535B1DA10EF}.Debug|Any CPU.ActiveCfg = Debug|Any CPU
		{F2ED8A14-E999-45C2-B17D-8535B1DA10EF}.Debug|Any CPU.Build.0 = Debug|Any CPU
		{F2ED8A14-E999-45C2-B17D-8535B1DA10EF}.Release|Any CPU.ActiveCfg = Release|Any CPU
		{F2ED8A14-E999-45C2-B17D-8535B1DA10EF}.Release|Any CPU.Build.0 = Release|Any CPU
		{6A25CC96-7910-42A0-90E8-077630F65474}.Debug|Any CPU.ActiveCfg = Debug|Any CPU
		{6A25CC96-7910-42A0-90E8-077630F65474}.Debug|Any CPU.Build.0 = Debug|Any CPU
		{6A25CC96-7910-42A0-90E8-077630F65474}.Release|Any CPU.ActiveCfg = Release|Any CPU
		{6A25CC96-7910-42A0-90E8-077630F65474}.Release|Any CPU.Build.0 = Release|Any CPU
		{A61702B5-DDA1-419D-9236-0BEA1BEFCA9C}.Debug|Any CPU.ActiveCfg = Debug|Any CPU
		{A61702B5-DDA1-419D-9236-0BEA1BEFCA9C}.Debug|Any CPU.Build.0 = Debug|Any CPU
		{A61702B5-DDA1-419D-9236-0BEA1BEFCA9C}.Release|Any CPU.ActiveCfg = Release|Any CPU
		{A61702B5-DDA1-419D-9236-0BEA1BEFCA9C}.Release|Any CPU.Build.0 = Release|Any CPU
	EndGlobalSection
	GlobalSection(SolutionProperties) = preSolution
		HideSolutionNode = FALSE
	EndGlobalSection
	GlobalSection(NestedProjects) = preSolution
		{9EBF73A5-9027-4958-8031-239914882BEA} = {F769B871-2AEB-40AF-9347-1AABF4F80585}
		{C48F7F31-3622-4C2D-ABDE-B7306CED30E8} = {F769B871-2AEB-40AF-9347-1AABF4F80585}
		{F4BF2A61-FF07-4E76-B746-4201869B6BB8} = {F21B194A-B804-4677-AD5B-E0B44D3EC45F}
		{D23A6F3A-EF71-48C0-833A-2457A17BA08C} = {F21B194A-B804-4677-AD5B-E0B44D3EC45F}
		{600BD187-FC96-47BA-A7E2-943DD485913A} = {77AB779A-D5B3-4CD2-9B64-3B3EC4504DE8}
		{8E192853-7B98-42EB-9082-21AB1DBFD830} = {77AB779A-D5B3-4CD2-9B64-3B3EC4504DE8}
		{31C408D6-6115-4457-85F3-7ABED291B2C7} = {F21B194A-B804-4677-AD5B-E0B44D3EC45F}
		{1DDB0294-24C0-4E5B-8623-2CA22AA384BC} = {7DC696BF-0B4E-4B03-B309-ABDC7A502538}
		{BDEF4C9C-128C-488C-858E-81EDF2AC0AD9} = {7DC696BF-0B4E-4B03-B309-ABDC7A502538}
		{65FA4F9E-FE9D-4548-B939-39F80F7B51EE} = {7DC696BF-0B4E-4B03-B309-ABDC7A502538}
		{1DDE0DC0-C50C-48A4-84D3-636B566A1A30} = {7DC696BF-0B4E-4B03-B309-ABDC7A502538}
		{8E1906BF-C76F-4338-9EA9-C6DE8B5509B2} = {592F787C-E5FC-4C0C-8F2F-2DC8559C326B}
		{334823D4-831D-4AF3-9231-570C75C835C3} = {8E1906BF-C76F-4338-9EA9-C6DE8B5509B2}
		{283AC367-BA95-4C3F-8D1A-C3BADA4415B2} = {8E1906BF-C76F-4338-9EA9-C6DE8B5509B2}
		{738F9912-6CDD-4C89-9F10-8A13094364DA} = {EABCDDC0-6E72-43FB-9AF7-04E6681B83FD}
		{5277FBA1-026A-4FA8-9BCB-E8FF37D4BE07} = {EABCDDC0-6E72-43FB-9AF7-04E6681B83FD}
		{E0F7E4E3-FAF5-42C4-9D1C-DCB48BFE82DA} = {EABCDDC0-6E72-43FB-9AF7-04E6681B83FD}
		{EED53D0E-337D-4664-80A8-2185B63AC366} = {F769B871-2AEB-40AF-9347-1AABF4F80585}
		{3A3209C6-9DE4-4003-A372-95DE7658FDF4} = {F21B194A-B804-4677-AD5B-E0B44D3EC45F}
		{F77F2D69-2D63-418D-82A0-6EF58E815062} = {77AB779A-D5B3-4CD2-9B64-3B3EC4504DE8}
		{02DEB912-BB31-4458-85EB-5BFB53B5348C} = {EABCDDC0-6E72-43FB-9AF7-04E6681B83FD}
		{F9F0C4C5-3BFD-48E8-8FDA-00EC4B842A22} = {EABCDDC0-6E72-43FB-9AF7-04E6681B83FD}
		{9F568319-5401-46D0-BD04-A51B1566A963} = {F21B194A-B804-4677-AD5B-E0B44D3EC45F}
		{C7038256-046D-45D0-95E7-EEBCB1EC365D} = {9F568319-5401-46D0-BD04-A51B1566A963}
		{A24CF8CB-6A5D-4968-A137-A65C3F18B2A8} = {14301AF1-9386-4970-B4F8-74E37B188AEC}
		{B2A90189-369B-4A12-8AEF-140CBF18231F} = {A24CF8CB-6A5D-4968-A137-A65C3F18B2A8}
		{CA1F4B59-83D8-44C1-A387-84A93C815737} = {A24CF8CB-6A5D-4968-A137-A65C3F18B2A8}
		{0E6AF705-8721-4835-B569-A9F513F15929} = {14301AF1-9386-4970-B4F8-74E37B188AEC}
		{AA0EF611-E77D-4FED-A770-D4E282BDF2B7} = {14301AF1-9386-4970-B4F8-74E37B188AEC}
		{A91C4636-147F-4062-B371-F3F9B33C8400} = {0E6AF705-8721-4835-B569-A9F513F15929}
		{DDE435C4-1594-4BB0-8C80-C6C09FF91DEE} = {0E6AF705-8721-4835-B569-A9F513F15929}
		{7E81058F-A03B-4A9A-86F4-8396C6400ED4} = {0E6AF705-8721-4835-B569-A9F513F15929}
		{2E00FB68-8318-49D9-8490-EAFEA431F421} = {0E6AF705-8721-4835-B569-A9F513F15929}
		{7C4A7950-52C0-45DA-80E1-70E546A75CEC} = {0E6AF705-8721-4835-B569-A9F513F15929}
		{4C913BFA-401B-4B47-9448-AC58D7F21A40} = {0E6AF705-8721-4835-B569-A9F513F15929}
		{8D526EBC-C2BA-435B-A562-C5FEC8A51732} = {14301AF1-9386-4970-B4F8-74E37B188AEC}
		{0E3654E8-3587-4DCB-97B2-E76A967D6DDB} = {8D526EBC-C2BA-435B-A562-C5FEC8A51732}
		{82B9C22D-54ED-4DF5-9B14-3E4F007E95A7} = {8D526EBC-C2BA-435B-A562-C5FEC8A51732}
		{4B7509A0-649A-42A9-98F6-E7886685AFE0} = {592F787C-E5FC-4C0C-8F2F-2DC8559C326B}
		{912FA76C-5C49-44BD-90F2-675745D2D90F} = {4B7509A0-649A-42A9-98F6-E7886685AFE0}
		{6205B827-29FF-427E-A995-9A96EA3FB868} = {912FA76C-5C49-44BD-90F2-675745D2D90F}
		{4CE4D686-3941-4671-8D46-7AE0BC1E3953} = {912FA76C-5C49-44BD-90F2-675745D2D90F}
		{F2ED8A14-E999-45C2-B17D-8535B1DA10EF} = {912FA76C-5C49-44BD-90F2-675745D2D90F}
		{6A25CC96-7910-42A0-90E8-077630F65474} = {912FA76C-5C49-44BD-90F2-675745D2D90F}
		{A61702B5-DDA1-419D-9236-0BEA1BEFCA9C} = {AA0EF611-E77D-4FED-A770-D4E282BDF2B7}
	EndGlobalSection
	GlobalSection(ExtensibilityGlobals) = postSolution
		SolutionGuid = {BF6CD1AB-6B41-427D-BA1B-C4803CF67E97}
	EndGlobalSection
EndGlobal
